// !$*UTF8*$!
{
	archiveVersion = 1;
	classes = {
	};
	objectVersion = 50;
	objects = {

/* Begin PBXBuildFile section */
		73CF7BF0AF52C8CF70233B72 /* Pods_FixedIncomeSimulator.framework in Frameworks */ = {isa = PBXBuildFile; fileRef = 9F850C5C946FC7E766D3EF81 /* Pods_FixedIncomeSimulator.framework */; };
		A569AA7A222073FF00CFF5A7 /* AppDelegate.swift in Sources */ = {isa = PBXBuildFile; fileRef = A569AA79222073FF00CFF5A7 /* AppDelegate.swift */; };
		A569AA7C222073FF00CFF5A7 /* ViewController.swift in Sources */ = {isa = PBXBuildFile; fileRef = A569AA7B222073FF00CFF5A7 /* ViewController.swift */; };
		A569AA812220740100CFF5A7 /* Assets.xcassets in Resources */ = {isa = PBXBuildFile; fileRef = A569AA802220740100CFF5A7 /* Assets.xcassets */; };
		A569AA842220740100CFF5A7 /* LaunchScreen.storyboard in Resources */ = {isa = PBXBuildFile; fileRef = A569AA822220740100CFF5A7 /* LaunchScreen.storyboard */; };
/* End PBXBuildFile section */

/* Begin PBXContainerItemProxy section */
		A569AA8B2220740100CFF5A7 /* PBXContainerItemProxy */ = {
			isa = PBXContainerItemProxy;
			containerPortal = A569AA6E222073FF00CFF5A7 /* Project object */;
			proxyType = 1;
			remoteGlobalIDString = A569AA75222073FF00CFF5A7;
			remoteInfo = FixedIncomeSimulator;
		};
		A569AA962220740100CFF5A7 /* PBXContainerItemProxy */ = {
			isa = PBXContainerItemProxy;
			containerPortal = A569AA6E222073FF00CFF5A7 /* Project object */;
			proxyType = 1;
			remoteGlobalIDString = A569AA75222073FF00CFF5A7;
			remoteInfo = FixedIncomeSimulator;
		};
/* End PBXContainerItemProxy section */

/* Begin PBXFileReference section */
		3C42C246EA9CF56D9E46DC32 /* Pods-FixedIncomeSimulator.debug.xcconfig */ = {isa = PBXFileReference; includeInIndex = 1; lastKnownFileType = text.xcconfig; name = "Pods-FixedIncomeSimulator.debug.xcconfig"; path = "Target Support Files/Pods-FixedIncomeSimulator/Pods-FixedIncomeSimulator.debug.xcconfig"; sourceTree = "<group>"; };
		9F850C5C946FC7E766D3EF81 /* Pods_FixedIncomeSimulator.framework */ = {isa = PBXFileReference; explicitFileType = wrapper.framework; includeInIndex = 0; path = Pods_FixedIncomeSimulator.framework; sourceTree = BUILT_PRODUCTS_DIR; };
		A569AA76222073FF00CFF5A7 /* FixedIncomeSimulator.app */ = {isa = PBXFileReference; explicitFileType = wrapper.application; includeInIndex = 0; path = FixedIncomeSimulator.app; sourceTree = BUILT_PRODUCTS_DIR; };
		A569AA79222073FF00CFF5A7 /* AppDelegate.swift */ = {isa = PBXFileReference; lastKnownFileType = sourcecode.swift; path = AppDelegate.swift; sourceTree = "<group>"; };
		A569AA7B222073FF00CFF5A7 /* ViewController.swift */ = {isa = PBXFileReference; lastKnownFileType = sourcecode.swift; path = ViewController.swift; sourceTree = "<group>"; };
		A569AA802220740100CFF5A7 /* Assets.xcassets */ = {isa = PBXFileReference; lastKnownFileType = folder.assetcatalog; path = Assets.xcassets; sourceTree = "<group>"; };
		A569AA832220740100CFF5A7 /* Base */ = {isa = PBXFileReference; lastKnownFileType = file.storyboard; name = Base; path = Base.lproj/LaunchScreen.storyboard; sourceTree = "<group>"; };
		A569AA852220740100CFF5A7 /* Info.plist */ = {isa = PBXFileReference; lastKnownFileType = text.plist.xml; path = Info.plist; sourceTree = "<group>"; };
		A569AA8A2220740100CFF5A7 /* FixedIncomeSimulatorTests.xctest */ = {isa = PBXFileReference; explicitFileType = wrapper.cfbundle; includeInIndex = 0; path = FixedIncomeSimulatorTests.xctest; sourceTree = BUILT_PRODUCTS_DIR; };
		A569AA902220740100CFF5A7 /* Info.plist */ = {isa = PBXFileReference; lastKnownFileType = text.plist.xml; path = Info.plist; sourceTree = "<group>"; };
		A569AA952220740100CFF5A7 /* FixedIncomeSimulatorUITests.xctest */ = {isa = PBXFileReference; explicitFileType = wrapper.cfbundle; includeInIndex = 0; path = FixedIncomeSimulatorUITests.xctest; sourceTree = BUILT_PRODUCTS_DIR; };
		A569AA9B2220740100CFF5A7 /* Info.plist */ = {isa = PBXFileReference; lastKnownFileType = text.plist.xml; path = Info.plist; sourceTree = "<group>"; };
		F49297EAE1D0D9AE36D429A7 /* Pods-FixedIncomeSimulator.release.xcconfig */ = {isa = PBXFileReference; includeInIndex = 1; lastKnownFileType = text.xcconfig; name = "Pods-FixedIncomeSimulator.release.xcconfig"; path = "Target Support Files/Pods-FixedIncomeSimulator/Pods-FixedIncomeSimulator.release.xcconfig"; sourceTree = "<group>"; };
/* End PBXFileReference section */

/* Begin PBXFrameworksBuildPhase section */
		A569AA73222073FF00CFF5A7 /* Frameworks */ = {
			isa = PBXFrameworksBuildPhase;
			buildActionMask = 2147483647;
			files = (
				73CF7BF0AF52C8CF70233B72 /* Pods_FixedIncomeSimulator.framework in Frameworks */,
			);
			runOnlyForDeploymentPostprocessing = 0;
		};
		A569AA872220740100CFF5A7 /* Frameworks */ = {
			isa = PBXFrameworksBuildPhase;
			buildActionMask = 2147483647;
			files = (
			);
			runOnlyForDeploymentPostprocessing = 0;
		};
		A569AA922220740100CFF5A7 /* Frameworks */ = {
			isa = PBXFrameworksBuildPhase;
			buildActionMask = 2147483647;
			files = (
			);
			runOnlyForDeploymentPostprocessing = 0;
		};
/* End PBXFrameworksBuildPhase section */

/* Begin PBXGroup section */
		1A914ADECBC05A377223D442 /* Pods */ = {
			isa = PBXGroup;
			children = (
				3C42C246EA9CF56D9E46DC32 /* Pods-FixedIncomeSimulator.debug.xcconfig */,
				F49297EAE1D0D9AE36D429A7 /* Pods-FixedIncomeSimulator.release.xcconfig */,
			);
			path = Pods;
			sourceTree = "<group>";
		};
		3285119C448C7570182174D9 /* Frameworks */ = {
			isa = PBXGroup;
			children = (
				9F850C5C946FC7E766D3EF81 /* Pods_FixedIncomeSimulator.framework */,
			);
			name = Frameworks;
			sourceTree = "<group>";
		};
		A569AA6D222073FF00CFF5A7 = {
			isa = PBXGroup;
			children = (
				A569AA78222073FF00CFF5A7 /* FixedIncomeSimulator */,
				A569AA8D2220740100CFF5A7 /* FixedIncomeSimulatorTests */,
				A569AA982220740100CFF5A7 /* FixedIncomeSimulatorUITests */,
				A569AA77222073FF00CFF5A7 /* Products */,
				1A914ADECBC05A377223D442 /* Pods */,
				3285119C448C7570182174D9 /* Frameworks */,
			);
			sourceTree = "<group>";
		};
		A569AA77222073FF00CFF5A7 /* Products */ = {
			isa = PBXGroup;
			children = (
				A569AA76222073FF00CFF5A7 /* FixedIncomeSimulator.app */,
				A569AA8A2220740100CFF5A7 /* FixedIncomeSimulatorTests.xctest */,
				A569AA952220740100CFF5A7 /* FixedIncomeSimulatorUITests.xctest */,
			);
			name = Products;
			sourceTree = "<group>";
		};
		A569AA78222073FF00CFF5A7 /* FixedIncomeSimulator */ = {
			isa = PBXGroup;
			children = (
				A569AA852220740100CFF5A7 /* Info.plist */,
				A569AA79222073FF00CFF5A7 /* AppDelegate.swift */,
				A569AA7B222073FF00CFF5A7 /* ViewController.swift */,
				A569AAA72220767300CFF5A7 /* Resources */,
			);
			path = FixedIncomeSimulator;
			sourceTree = "<group>";
		};
		A569AA8D2220740100CFF5A7 /* FixedIncomeSimulatorTests */ = {
			isa = PBXGroup;
			children = (
				A569AA902220740100CFF5A7 /* Info.plist */,
			);
			path = FixedIncomeSimulatorTests;
			sourceTree = "<group>";
		};
		A569AA982220740100CFF5A7 /* FixedIncomeSimulatorUITests */ = {
			isa = PBXGroup;
			children = (
				A569AA9B2220740100CFF5A7 /* Info.plist */,
			);
			path = FixedIncomeSimulatorUITests;
			sourceTree = "<group>";
		};
		A569AAA72220767300CFF5A7 /* Resources */ = {
			isa = PBXGroup;
			children = (
				A569AA802220740100CFF5A7 /* Assets.xcassets */,
				A569AA822220740100CFF5A7 /* LaunchScreen.storyboard */,
			);
			path = Resources;
			sourceTree = "<group>";
		};
/* End PBXGroup section */

/* Begin PBXNativeTarget section */
		A569AA75222073FF00CFF5A7 /* FixedIncomeSimulator */ = {
			isa = PBXNativeTarget;
			buildConfigurationList = A569AA9E2220740100CFF5A7 /* Build configuration list for PBXNativeTarget "FixedIncomeSimulator" */;
			buildPhases = (
				D25C2F48BB36B66C276BEA64 /* [CP] Check Pods Manifest.lock */,
				A569AAA8222076CD00CFF5A7 /* [SL] Lint */,
				A569AA72222073FF00CFF5A7 /* Sources */,
				A569AA73222073FF00CFF5A7 /* Frameworks */,
				A569AA74222073FF00CFF5A7 /* Resources */,
			);
			buildRules = (
			);
			dependencies = (
			);
			name = FixedIncomeSimulator;
			productName = FixedIncomeSimulator;
			productReference = A569AA76222073FF00CFF5A7 /* FixedIncomeSimulator.app */;
			productType = "com.apple.product-type.application";
		};
		A569AA892220740100CFF5A7 /* FixedIncomeSimulatorTests */ = {
			isa = PBXNativeTarget;
			buildConfigurationList = A569AAA12220740100CFF5A7 /* Build configuration list for PBXNativeTarget "FixedIncomeSimulatorTests" */;
			buildPhases = (
				A569AA862220740100CFF5A7 /* Sources */,
				A569AA872220740100CFF5A7 /* Frameworks */,
				A569AA882220740100CFF5A7 /* Resources */,
			);
			buildRules = (
			);
			dependencies = (
				A569AA8C2220740100CFF5A7 /* PBXTargetDependency */,
			);
			name = FixedIncomeSimulatorTests;
			productName = FixedIncomeSimulatorTests;
			productReference = A569AA8A2220740100CFF5A7 /* FixedIncomeSimulatorTests.xctest */;
			productType = "com.apple.product-type.bundle.unit-test";
		};
		A569AA942220740100CFF5A7 /* FixedIncomeSimulatorUITests */ = {
			isa = PBXNativeTarget;
			buildConfigurationList = A569AAA42220740100CFF5A7 /* Build configuration list for PBXNativeTarget "FixedIncomeSimulatorUITests" */;
			buildPhases = (
				A569AA912220740100CFF5A7 /* Sources */,
				A569AA922220740100CFF5A7 /* Frameworks */,
				A569AA932220740100CFF5A7 /* Resources */,
			);
			buildRules = (
			);
			dependencies = (
				A569AA972220740100CFF5A7 /* PBXTargetDependency */,
			);
			name = FixedIncomeSimulatorUITests;
			productName = FixedIncomeSimulatorUITests;
			productReference = A569AA952220740100CFF5A7 /* FixedIncomeSimulatorUITests.xctest */;
			productType = "com.apple.product-type.bundle.ui-testing";
		};
/* End PBXNativeTarget section */

/* Begin PBXProject section */
		A569AA6E222073FF00CFF5A7 /* Project object */ = {
			isa = PBXProject;
			attributes = {
				LastSwiftUpdateCheck = 1010;
				LastUpgradeCheck = 1010;
				ORGANIZATIONNAME = "Renato Mendes";
				TargetAttributes = {
					A569AA75222073FF00CFF5A7 = {
						CreatedOnToolsVersion = 10.1;
					};
					A569AA892220740100CFF5A7 = {
						CreatedOnToolsVersion = 10.1;
						TestTargetID = A569AA75222073FF00CFF5A7;
					};
					A569AA942220740100CFF5A7 = {
						CreatedOnToolsVersion = 10.1;
						TestTargetID = A569AA75222073FF00CFF5A7;
					};
				};
			};
			buildConfigurationList = A569AA71222073FF00CFF5A7 /* Build configuration list for PBXProject "FixedIncomeSimulator" */;
			compatibilityVersion = "Xcode 9.3";
			developmentRegion = en;
			hasScannedForEncodings = 0;
			knownRegions = (
				en,
				Base,
			);
			mainGroup = A569AA6D222073FF00CFF5A7;
			productRefGroup = A569AA77222073FF00CFF5A7 /* Products */;
			projectDirPath = "";
			projectRoot = "";
			targets = (
				A569AA75222073FF00CFF5A7 /* FixedIncomeSimulator */,
				A569AA892220740100CFF5A7 /* FixedIncomeSimulatorTests */,
				A569AA942220740100CFF5A7 /* FixedIncomeSimulatorUITests */,
			);
		};
/* End PBXProject section */

/* Begin PBXResourcesBuildPhase section */
		A569AA74222073FF00CFF5A7 /* Resources */ = {
			isa = PBXResourcesBuildPhase;
			buildActionMask = 2147483647;
			files = (
				A569AA842220740100CFF5A7 /* LaunchScreen.storyboard in Resources */,
				A569AA812220740100CFF5A7 /* Assets.xcassets in Resources */,
			);
			runOnlyForDeploymentPostprocessing = 0;
		};
		A569AA882220740100CFF5A7 /* Resources */ = {
			isa = PBXResourcesBuildPhase;
			buildActionMask = 2147483647;
			files = (
			);
			runOnlyForDeploymentPostprocessing = 0;
		};
		A569AA932220740100CFF5A7 /* Resources */ = {
			isa = PBXResourcesBuildPhase;
			buildActionMask = 2147483647;
			files = (
			);
			runOnlyForDeploymentPostprocessing = 0;
		};
/* End PBXResourcesBuildPhase section */

/* Begin PBXShellScriptBuildPhase section */
		A569AAA8222076CD00CFF5A7 /* [SL] Lint */ = {
			isa = PBXShellScriptBuildPhase;
			buildActionMask = 2147483647;
			files = (
			);
			inputFileListPaths = (
			);
			inputPaths = (
			);
			name = "[SL] Lint";
			outputFileListPaths = (
			);
			outputPaths = (
			);
			runOnlyForDeploymentPostprocessing = 0;
			shellPath = /bin/sh;
			shellScript = "\"${PODS_ROOT}/SwiftLint/swiftlint\"\n";
		};
		D25C2F48BB36B66C276BEA64 /* [CP] Check Pods Manifest.lock */ = {
			isa = PBXShellScriptBuildPhase;
			buildActionMask = 2147483647;
			files = (
			);
			inputFileListPaths = (
			);
			inputPaths = (
				"${PODS_PODFILE_DIR_PATH}/Podfile.lock",
				"${PODS_ROOT}/Manifest.lock",
			);
			name = "[CP] Check Pods Manifest.lock";
			outputFileListPaths = (
			);
			outputPaths = (
				"$(DERIVED_FILE_DIR)/Pods-FixedIncomeSimulator-checkManifestLockResult.txt",
			);
			runOnlyForDeploymentPostprocessing = 0;
			shellPath = /bin/sh;
			shellScript = "diff \"${PODS_PODFILE_DIR_PATH}/Podfile.lock\" \"${PODS_ROOT}/Manifest.lock\" > /dev/null\nif [ $? != 0 ] ; then\n    # print error to STDERR\n    echo \"error: The sandbox is not in sync with the Podfile.lock. Run 'pod install' or update your CocoaPods installation.\" >&2\n    exit 1\nfi\n# This output is used by Xcode 'outputs' to avoid re-running this script phase.\necho \"SUCCESS\" > \"${SCRIPT_OUTPUT_FILE_0}\"\n";
			showEnvVarsInLog = 0;
		};
/* End PBXShellScriptBuildPhase section */

/* Begin PBXSourcesBuildPhase section */
		A569AA72222073FF00CFF5A7 /* Sources */ = {
			isa = PBXSourcesBuildPhase;
			buildActionMask = 2147483647;
			files = (
				A569AA7C222073FF00CFF5A7 /* ViewController.swift in Sources */,
				A569AA7A222073FF00CFF5A7 /* AppDelegate.swift in Sources */,
			);
			runOnlyForDeploymentPostprocessing = 0;
		};
		A569AA862220740100CFF5A7 /* Sources */ = {
			isa = PBXSourcesBuildPhase;
			buildActionMask = 2147483647;
			files = (
			);
			runOnlyForDeploymentPostprocessing = 0;
		};
		A569AA912220740100CFF5A7 /* Sources */ = {
			isa = PBXSourcesBuildPhase;
			buildActionMask = 2147483647;
			files = (
			);
			runOnlyForDeploymentPostprocessing = 0;
		};
/* End PBXSourcesBuildPhase section */

/* Begin PBXTargetDependency section */
		A569AA8C2220740100CFF5A7 /* PBXTargetDependency */ = {
			isa = PBXTargetDependency;
			target = A569AA75222073FF00CFF5A7 /* FixedIncomeSimulator */;
			targetProxy = A569AA8B2220740100CFF5A7 /* PBXContainerItemProxy */;
		};
		A569AA972220740100CFF5A7 /* PBXTargetDependency */ = {
			isa = PBXTargetDependency;
			target = A569AA75222073FF00CFF5A7 /* FixedIncomeSimulator */;
			targetProxy = A569AA962220740100CFF5A7 /* PBXContainerItemProxy */;
		};
/* End PBXTargetDependency section */

/* Begin PBXVariantGroup section */
		A569AA822220740100CFF5A7 /* LaunchScreen.storyboard */ = {
			isa = PBXVariantGroup;
			children = (
				A569AA832220740100CFF5A7 /* Base */,
			);
			name = LaunchScreen.storyboard;
			sourceTree = "<group>";
		};
/* End PBXVariantGroup section */

/* Begin XCBuildConfiguration section */
		A569AA9C2220740100CFF5A7 /* Debug */ = {
			isa = XCBuildConfiguration;
			buildSettings = {
				ALWAYS_SEARCH_USER_PATHS = NO;
				CLANG_ANALYZER_NONNULL = YES;
				CLANG_ANALYZER_NUMBER_OBJECT_CONVERSION = YES_AGGRESSIVE;
				CLANG_CXX_LANGUAGE_STANDARD = "gnu++14";
				CLANG_CXX_LIBRARY = "libc++";
				CLANG_ENABLE_MODULES = YES;
				CLANG_ENABLE_OBJC_ARC = YES;
				CLANG_ENABLE_OBJC_WEAK = YES;
				CLANG_WARN_BLOCK_CAPTURE_AUTORELEASING = YES;
				CLANG_WARN_BOOL_CONVERSION = YES;
				CLANG_WARN_COMMA = YES;
				CLANG_WARN_CONSTANT_CONVERSION = YES;
				CLANG_WARN_DEPRECATED_OBJC_IMPLEMENTATIONS = YES;
				CLANG_WARN_DIRECT_OBJC_ISA_USAGE = YES_ERROR;
				CLANG_WARN_DOCUMENTATION_COMMENTS = YES;
				CLANG_WARN_EMPTY_BODY = YES;
				CLANG_WARN_ENUM_CONVERSION = YES;
				CLANG_WARN_INFINITE_RECURSION = YES;
				CLANG_WARN_INT_CONVERSION = YES;
				CLANG_WARN_NON_LITERAL_NULL_CONVERSION = YES;
				CLANG_WARN_OBJC_IMPLICIT_RETAIN_SELF = YES;
				CLANG_WARN_OBJC_LITERAL_CONVERSION = YES;
				CLANG_WARN_OBJC_ROOT_CLASS = YES_ERROR;
				CLANG_WARN_RANGE_LOOP_ANALYSIS = YES;
				CLANG_WARN_STRICT_PROTOTYPES = YES;
				CLANG_WARN_SUSPICIOUS_MOVE = YES;
				CLANG_WARN_UNGUARDED_AVAILABILITY = YES_AGGRESSIVE;
				CLANG_WARN_UNREACHABLE_CODE = YES;
				CLANG_WARN__DUPLICATE_METHOD_MATCH = YES;
				CODE_SIGN_IDENTITY = "iPhone Developer";
				COPY_PHASE_STRIP = NO;
				DEBUG_INFORMATION_FORMAT = dwarf;
				ENABLE_STRICT_OBJC_MSGSEND = YES;
				ENABLE_TESTABILITY = YES;
				GCC_C_LANGUAGE_STANDARD = gnu11;
				GCC_DYNAMIC_NO_PIC = NO;
				GCC_NO_COMMON_BLOCKS = YES;
				GCC_OPTIMIZATION_LEVEL = 0;
				GCC_PREPROCESSOR_DEFINITIONS = (
					"DEBUG=1",
					"$(inherited)",
				);
				GCC_WARN_64_TO_32_BIT_CONVERSION = YES;
				GCC_WARN_ABOUT_RETURN_TYPE = YES_ERROR;
				GCC_WARN_UNDECLARED_SELECTOR = YES;
				GCC_WARN_UNINITIALIZED_AUTOS = YES_AGGRESSIVE;
				GCC_WARN_UNUSED_FUNCTION = YES;
				GCC_WARN_UNUSED_VARIABLE = YES;
				IPHONEOS_DEPLOYMENT_TARGET = 11.0;
				MTL_ENABLE_DEBUG_INFO = INCLUDE_SOURCE;
				MTL_FAST_MATH = YES;
				ONLY_ACTIVE_ARCH = YES;
				SDKROOT = iphoneos;
				SWIFT_ACTIVE_COMPILATION_CONDITIONS = DEBUG;
				SWIFT_OPTIMIZATION_LEVEL = "-Onone";
			};
			name = Debug;
		};
		A569AA9D2220740100CFF5A7 /* Release */ = {
			isa = XCBuildConfiguration;
			buildSettings = {
				ALWAYS_SEARCH_USER_PATHS = NO;
				CLANG_ANALYZER_NONNULL = YES;
				CLANG_ANALYZER_NUMBER_OBJECT_CONVERSION = YES_AGGRESSIVE;
				CLANG_CXX_LANGUAGE_STANDARD = "gnu++14";
				CLANG_CXX_LIBRARY = "libc++";
				CLANG_ENABLE_MODULES = YES;
				CLANG_ENABLE_OBJC_ARC = YES;
				CLANG_ENABLE_OBJC_WEAK = YES;
				CLANG_WARN_BLOCK_CAPTURE_AUTORELEASING = YES;
				CLANG_WARN_BOOL_CONVERSION = YES;
				CLANG_WARN_COMMA = YES;
				CLANG_WARN_CONSTANT_CONVERSION = YES;
				CLANG_WARN_DEPRECATED_OBJC_IMPLEMENTATIONS = YES;
				CLANG_WARN_DIRECT_OBJC_ISA_USAGE = YES_ERROR;
				CLANG_WARN_DOCUMENTATION_COMMENTS = YES;
				CLANG_WARN_EMPTY_BODY = YES;
				CLANG_WARN_ENUM_CONVERSION = YES;
				CLANG_WARN_INFINITE_RECURSION = YES;
				CLANG_WARN_INT_CONVERSION = YES;
				CLANG_WARN_NON_LITERAL_NULL_CONVERSION = YES;
				CLANG_WARN_OBJC_IMPLICIT_RETAIN_SELF = YES;
				CLANG_WARN_OBJC_LITERAL_CONVERSION = YES;
				CLANG_WARN_OBJC_ROOT_CLASS = YES_ERROR;
				CLANG_WARN_RANGE_LOOP_ANALYSIS = YES;
				CLANG_WARN_STRICT_PROTOTYPES = YES;
				CLANG_WARN_SUSPICIOUS_MOVE = YES;
				CLANG_WARN_UNGUARDED_AVAILABILITY = YES_AGGRESSIVE;
				CLANG_WARN_UNREACHABLE_CODE = YES;
				CLANG_WARN__DUPLICATE_METHOD_MATCH = YES;
				CODE_SIGN_IDENTITY = "iPhone Developer";
				COPY_PHASE_STRIP = NO;
				DEBUG_INFORMATION_FORMAT = "dwarf-with-dsym";
				ENABLE_NS_ASSERTIONS = NO;
				ENABLE_STRICT_OBJC_MSGSEND = YES;
				GCC_C_LANGUAGE_STANDARD = gnu11;
				GCC_NO_COMMON_BLOCKS = YES;
				GCC_WARN_64_TO_32_BIT_CONVERSION = YES;
				GCC_WARN_ABOUT_RETURN_TYPE = YES_ERROR;
				GCC_WARN_UNDECLARED_SELECTOR = YES;
				GCC_WARN_UNINITIALIZED_AUTOS = YES_AGGRESSIVE;
				GCC_WARN_UNUSED_FUNCTION = YES;
				GCC_WARN_UNUSED_VARIABLE = YES;
				IPHONEOS_DEPLOYMENT_TARGET = 11.0;
				MTL_ENABLE_DEBUG_INFO = NO;
				MTL_FAST_MATH = YES;
				SDKROOT = iphoneos;
				SWIFT_COMPILATION_MODE = wholemodule;
				SWIFT_OPTIMIZATION_LEVEL = "-O";
				VALIDATE_PRODUCT = YES;
			};
			name = Release;
		};
		A569AA9F2220740100CFF5A7 /* Debug */ = {
			isa = XCBuildConfiguration;
			baseConfigurationReference = 3C42C246EA9CF56D9E46DC32 /* Pods-FixedIncomeSimulator.debug.xcconfig */;
			buildSettings = {
				ASSETCATALOG_COMPILER_APPICON_NAME = AppIcon;
				CODE_SIGN_STYLE = Automatic;
				DEVELOPMENT_TEAM = KWEMDK92F4;
				INFOPLIST_FILE = FixedIncomeSimulator/Info.plist;
				IPHONEOS_DEPLOYMENT_TARGET = 11.0;
				LD_RUNPATH_SEARCH_PATHS = (
					"$(inherited)",
					"@executable_path/Frameworks",
				);
				PRODUCT_BUNDLE_IDENTIFIER = com.rm.FixedIncomeSimulator;
				PRODUCT_NAME = "$(TARGET_NAME)";
				SWIFT_VERSION = 4.2;
				TARGETED_DEVICE_FAMILY = 1;
			};
			name = Debug;
		};
		A569AAA02220740100CFF5A7 /* Release */ = {
			isa = XCBuildConfiguration;
			baseConfigurationReference = F49297EAE1D0D9AE36D429A7 /* Pods-FixedIncomeSimulator.release.xcconfig */;
			buildSettings = {
				ASSETCATALOG_COMPILER_APPICON_NAME = AppIcon;
				CODE_SIGN_STYLE = Automatic;
				DEVELOPMENT_TEAM = KWEMDK92F4;
				INFOPLIST_FILE = FixedIncomeSimulator/Info.plist;
				IPHONEOS_DEPLOYMENT_TARGET = 11.0;
				LD_RUNPATH_SEARCH_PATHS = (
					"$(inherited)",
					"@executable_path/Frameworks",
				);
				PRODUCT_BUNDLE_IDENTIFIER = com.rm.FixedIncomeSimulator;
				PRODUCT_NAME = "$(TARGET_NAME)";
				SWIFT_VERSION = 4.2;
				TARGETED_DEVICE_FAMILY = 1;
			};
			name = Release;
		};
		A569AAA22220740100CFF5A7 /* Debug */ = {
			isa = XCBuildConfiguration;
			buildSettings = {
				ALWAYS_EMBED_SWIFT_STANDARD_LIBRARIES = YES;
				BUNDLE_LOADER = "$(TEST_HOST)";
				CODE_SIGN_STYLE = Automatic;
				DEVELOPMENT_TEAM = KWEMDK92F4;
				INFOPLIST_FILE = FixedIncomeSimulatorTests/Info.plist;
				LD_RUNPATH_SEARCH_PATHS = (
					"$(inherited)",
					"@executable_path/Frameworks",
					"@loader_path/Frameworks",
				);
				PRODUCT_BUNDLE_IDENTIFIER = com.rm.FixedIncomeSimulatorTests;
				PRODUCT_NAME = "$(TARGET_NAME)";
				SWIFT_VERSION = 4.2;
				TARGETED_DEVICE_FAMILY = "1,2";
				TEST_HOST = "$(BUILT_PRODUCTS_DIR)/FixedIncomeSimulator.app/FixedIncomeSimulator";
			};
			name = Debug;
		};
		A569AAA32220740100CFF5A7 /* Release */ = {
			isa = XCBuildConfiguration;
			buildSettings = {
				ALWAYS_EMBED_SWIFT_STANDARD_LIBRARIES = YES;
				BUNDLE_LOADER = "$(TEST_HOST)";
				CODE_SIGN_STYLE = Automatic;
				DEVELOPMENT_TEAM = KWEMDK92F4;
				INFOPLIST_FILE = FixedIncomeSimulatorTests/Info.plist;
				LD_RUNPATH_SEARCH_PATHS = (
					"$(inherited)",
					"@executable_path/Frameworks",
					"@loader_path/Frameworks",
				);
				PRODUCT_BUNDLE_IDENTIFIER = com.rm.FixedIncomeSimulatorTests;
				PRODUCT_NAME = "$(TARGET_NAME)";
				SWIFT_VERSION = 4.2;
				TARGETED_DEVICE_FAMILY = "1,2";
				TEST_HOST = "$(BUILT_PRODUCTS_DIR)/FixedIncomeSimulator.app/FixedIncomeSimulator";
			};
			name = Release;
		};
		A569AAA52220740100CFF5A7 /* Debug */ = {
			isa = XCBuildConfiguration;
			buildSettings = {
				ALWAYS_EMBED_SWIFT_STANDARD_LIBRARIES = YES;
				CODE_SIGN_STYLE = Automatic;
				DEVELOPMENT_TEAM = KWEMDK92F4;
				INFOPLIST_FILE = FixedIncomeSimulatorUITests/Info.plist;
				LD_RUNPATH_SEARCH_PATHS = (
					"$(inherited)",
					"@executable_path/Frameworks",
					"@loader_path/Frameworks",
				);
				PRODUCT_BUNDLE_IDENTIFIER = com.rm.FixedIncomeSimulatorUITests;
				PRODUCT_NAME = "$(TARGET_NAME)";
				SWIFT_VERSION = 4.2;
				TARGETED_DEVICE_FAMILY = "1,2";
				TEST_TARGET_NAME = FixedIncomeSimulator;
			};
			name = Debug;
		};
		A569AAA62220740100CFF5A7 /* Release */ = {
			isa = XCBuildConfiguration;
			buildSettings = {
				ALWAYS_EMBED_SWIFT_STANDARD_LIBRARIES = YES;
				CODE_SIGN_STYLE = Automatic;
				DEVELOPMENT_TEAM = KWEMDK92F4;
				INFOPLIST_FILE = FixedIncomeSimulatorUITests/Info.plist;
				LD_RUNPATH_SEARCH_PATHS = (
					"$(inherited)",
					"@executable_path/Frameworks",
					"@loader_path/Frameworks",
				);
				PRODUCT_BUNDLE_IDENTIFIER = com.rm.FixedIncomeSimulatorUITests;
				PRODUCT_NAME = "$(TARGET_NAME)";
				SWIFT_VERSION = 4.2;
				TARGETED_DEVICE_FAMILY = "1,2";
				TEST_TARGET_NAME = FixedIncomeSimulator;
			};
			name = Release;
		};
/* End XCBuildConfiguration section */

/* Begin XCConfigurationList section */
		A569AA71222073FF00CFF5A7 /* Build configuration list for PBXProject "FixedIncomeSimulator" */ = {
			isa = XCConfigurationList;
			buildConfigurations = (
				A569AA9C2220740100CFF5A7 /* Debug */,
				A569AA9D2220740100CFF5A7 /* Release */,
			);
			defaultConfigurationIsVisible = 0;
			defaultConfigurationName = Release;
		};
		A569AA9E2220740100CFF5A7 /* Build configuration list for PBXNativeTarget "FixedIncomeSimulator" */ = {
			isa = XCConfigurationList;
			buildConfigurations = (
				A569AA9F2220740100CFF5A7 /* Debug */,
				A569AAA02220740100CFF5A7 /* Release */,
			);
			defaultConfigurationIsVisible = 0;
			defaultConfigurationName = Release;
		};
		A569AAA12220740100CFF5A7 /* Build configuration list for PBXNativeTarget "FixedIncomeSimulatorTests" */ = {
			isa = XCConfigurationList;
			buildConfigurations = (
				A569AAA22220740100CFF5A7 /* Debug */,
				A569AAA32220740100CFF5A7 /* Release */,
			);
			defaultConfigurationIsVisible = 0;
			defaultConfigurationName = Release;
		};
		A569AAA42220740100CFF5A7 /* Build configuration list for PBXNativeTarget "FixedIncomeSimulatorUITests" */ = {
			isa = XCConfigurationList;
			buildConfigurations = (
				A569AAA52220740100CFF5A7 /* Debug */,
				A569AAA62220740100CFF5A7 /* Release */,
			);
			defaultConfigurationIsVisible = 0;
			defaultConfigurationName = Release;
		};
/* End XCConfigurationList section */
	};
	rootObject = A569AA6E222073FF00CFF5A7 /* Project object */;
}
