// !$*UTF8*$!
{
	archiveVersion = 1;
	classes = {
	};
	objectVersion = 50;
	objects = {

/* Begin PBXBuildFile section */
		73CF7BF0AF52C8CF70233B72 /* Pods_FixedIncomeSimulator.framework in Frameworks */ = {isa = PBXBuildFile; fileRef = 9F850C5C946FC7E766D3EF81 /* Pods_FixedIncomeSimulator.framework */; };
		A50FC2A622233D1A00E8A110 /* Simulation.swift in Sources */ = {isa = PBXBuildFile; fileRef = A50FC2A522233D1A00E8A110 /* Simulation.swift */; };
		A50FC2A822233E6E00E8A110 /* InvestmentParameter.swift in Sources */ = {isa = PBXBuildFile; fileRef = A50FC2A722233E6E00E8A110 /* InvestmentParameter.swift */; };
		A50FC2AA2223477C00E8A110 /* Double+Extension.swift in Sources */ = {isa = PBXBuildFile; fileRef = A50FC2A92223477C00E8A110 /* Double+Extension.swift */; };
		A50FC2AC2223525900E8A110 /* ResultView.swift in Sources */ = {isa = PBXBuildFile; fileRef = A50FC2AB2223525900E8A110 /* ResultView.swift */; };
		A50FC2AE2223588700E8A110 /* DescriptionLabel.swift in Sources */ = {isa = PBXBuildFile; fileRef = A50FC2AD2223588700E8A110 /* DescriptionLabel.swift */; };
		A50FC2B022235BE800E8A110 /* DefaultStackView.swift in Sources */ = {isa = PBXBuildFile; fileRef = A50FC2AF22235BE800E8A110 /* DefaultStackView.swift */; };
		A50FC2B2222380AE00E8A110 /* DefaultButton.swift in Sources */ = {isa = PBXBuildFile; fileRef = A50FC2B1222380AE00E8A110 /* DefaultButton.swift */; };
		A50FC2B62224464F00E8A110 /* ResultCell.swift in Sources */ = {isa = PBXBuildFile; fileRef = A50FC2B52224464F00E8A110 /* ResultCell.swift */; };
		A50FC2B82224477200E8A110 /* ResultCellViewModel.swift in Sources */ = {isa = PBXBuildFile; fileRef = A50FC2B72224477200E8A110 /* ResultCellViewModel.swift */; };
		A50FC2BA22244CF100E8A110 /* ListResultDataSource.swift in Sources */ = {isa = PBXBuildFile; fileRef = A50FC2B922244CF100E8A110 /* ListResultDataSource.swift */; };
		A50FC2C322246B3700E8A110 /* APIClientBuilder.swift in Sources */ = {isa = PBXBuildFile; fileRef = A50FC2C222246B3700E8A110 /* APIClientBuilder.swift */; };
		A50FC2C522246B9F00E8A110 /* ErrorHandlerAPIClient.swift in Sources */ = {isa = PBXBuildFile; fileRef = A50FC2C422246B9F00E8A110 /* ErrorHandlerAPIClient.swift */; };
		A50FC2C722246C2F00E8A110 /* ErrorHandler.swift in Sources */ = {isa = PBXBuildFile; fileRef = A50FC2C622246C2F00E8A110 /* ErrorHandler.swift */; };
		A50FC2CA22246C7900E8A110 /* Endpoint.swift in Sources */ = {isa = PBXBuildFile; fileRef = A50FC2C922246C7900E8A110 /* Endpoint.swift */; };
		A50FC2CC22246DA600E8A110 /* RequestAPIClient.swift in Sources */ = {isa = PBXBuildFile; fileRef = A50FC2CB22246DA600E8A110 /* RequestAPIClient.swift */; };
		A50FC2CF2224768800E8A110 /* ServiceFactory.swift in Sources */ = {isa = PBXBuildFile; fileRef = A50FC2CE2224768800E8A110 /* ServiceFactory.swift */; };
		A50FC2D1222476DF00E8A110 /* FixedIncomeService.swift in Sources */ = {isa = PBXBuildFile; fileRef = A50FC2D0222476DF00E8A110 /* FixedIncomeService.swift */; };
		A50FC2D32224788400E8A110 /* SimulateEndpoint.swift in Sources */ = {isa = PBXBuildFile; fileRef = A50FC2D22224788400E8A110 /* SimulateEndpoint.swift */; };
		A50FC2D722248FC800E8A110 /* ErrorHandlerAPIClientTests.swift in Sources */ = {isa = PBXBuildFile; fileRef = A50FC2D622248FC800E8A110 /* ErrorHandlerAPIClientTests.swift */; };
		A50FC2DA2224905C00E8A110 /* SimulationMock.swift in Sources */ = {isa = PBXBuildFile; fileRef = A50FC2D92224905C00E8A110 /* SimulationMock.swift */; };
		A50FC2DC2224915100E8A110 /* APIClientMock.swift in Sources */ = {isa = PBXBuildFile; fileRef = A50FC2DB2224915100E8A110 /* APIClientMock.swift */; };
		A50FC2DE222491AA00E8A110 /* ErrorHandlerMock.swift in Sources */ = {isa = PBXBuildFile; fileRef = A50FC2DD222491AA00E8A110 /* ErrorHandlerMock.swift */; };
		A50FC2E12224926700E8A110 /* SimulateEndpoint.swift in Sources */ = {isa = PBXBuildFile; fileRef = A50FC2E02224926700E8A110 /* SimulateEndpoint.swift */; };
		A50FC2E42224935700E8A110 /* ServiceFactoryTests.swift in Sources */ = {isa = PBXBuildFile; fileRef = A50FC2E32224935700E8A110 /* ServiceFactoryTests.swift */; };
		A50FC2E6222493C600E8A110 /* FixedIncomeServiceTests.swift in Sources */ = {isa = PBXBuildFile; fileRef = A50FC2E5222493C600E8A110 /* FixedIncomeServiceTests.swift */; };
		A50FC2E82224947000E8A110 /* ErrorHandlerTests.swift in Sources */ = {isa = PBXBuildFile; fileRef = A50FC2E72224947000E8A110 /* ErrorHandlerTests.swift */; };
		A50FC2EB222496FE00E8A110 /* DefaultButtonTests.swift in Sources */ = {isa = PBXBuildFile; fileRef = A50FC2EA222496FE00E8A110 /* DefaultButtonTests.swift */; };
		A50FC2ED2224991C00E8A110 /* DefaultStackViewTests.swift in Sources */ = {isa = PBXBuildFile; fileRef = A50FC2EC2224991C00E8A110 /* DefaultStackViewTests.swift */; };
		A50FC2EF22249ADD00E8A110 /* DescriptionLabelTests.swift in Sources */ = {isa = PBXBuildFile; fileRef = A50FC2EE22249ADD00E8A110 /* DescriptionLabelTests.swift */; };
		A50FC2F122249C5500E8A110 /* ErrorViewTests.swift in Sources */ = {isa = PBXBuildFile; fileRef = A50FC2F022249C5500E8A110 /* ErrorViewTests.swift */; };
		A50FC2F322249E3000E8A110 /* MaskTextFieldTests.swift in Sources */ = {isa = PBXBuildFile; fileRef = A50FC2F222249E3000E8A110 /* MaskTextFieldTests.swift */; };
		A50FC2F822249FF500E8A110 /* FormViewTests.swift in Sources */ = {isa = PBXBuildFile; fileRef = A50FC2F722249FF500E8A110 /* FormViewTests.swift */; };
		A50FC2FA2224A14900E8A110 /* FormViewDelegateMock.swift in Sources */ = {isa = PBXBuildFile; fileRef = A50FC2F92224A14900E8A110 /* FormViewDelegateMock.swift */; };
		A50FC2FC2224A3B200E8A110 /* FormViewControllerTests.swift in Sources */ = {isa = PBXBuildFile; fileRef = A50FC2FB2224A3B200E8A110 /* FormViewControllerTests.swift */; };
		A50FC2FE2224C94800E8A110 /* FixedIncomeServiceMock.swift in Sources */ = {isa = PBXBuildFile; fileRef = A50FC2FD2224C94800E8A110 /* FixedIncomeServiceMock.swift */; };
		A50FC3002224CC6A00E8A110 /* FormViewModelTests.swift in Sources */ = {isa = PBXBuildFile; fileRef = A50FC2FF2224CC6A00E8A110 /* FormViewModelTests.swift */; };
		A50FC3022225897400E8A110 /* FormViewModelDelegateMock.swift in Sources */ = {isa = PBXBuildFile; fileRef = A50FC3012225897400E8A110 /* FormViewModelDelegateMock.swift */; };
		A50FC30422258F1D00E8A110 /* FormCoordinatorTests.swift in Sources */ = {isa = PBXBuildFile; fileRef = A50FC30322258F1D00E8A110 /* FormCoordinatorTests.swift */; };
		A569AA7A222073FF00CFF5A7 /* AppDelegate.swift in Sources */ = {isa = PBXBuildFile; fileRef = A569AA79222073FF00CFF5A7 /* AppDelegate.swift */; };
		A569AA7C222073FF00CFF5A7 /* FormViewController.swift in Sources */ = {isa = PBXBuildFile; fileRef = A569AA7B222073FF00CFF5A7 /* FormViewController.swift */; };
		A569AA812220740100CFF5A7 /* Assets.xcassets in Resources */ = {isa = PBXBuildFile; fileRef = A569AA802220740100CFF5A7 /* Assets.xcassets */; };
		A569AA842220740100CFF5A7 /* LaunchScreen.storyboard in Resources */ = {isa = PBXBuildFile; fileRef = A569AA822220740100CFF5A7 /* LaunchScreen.storyboard */; };
		A569AAAC22207E4D00CFF5A7 /* AppCoordinator.swift in Sources */ = {isa = PBXBuildFile; fileRef = A569AAAB22207E4D00CFF5A7 /* AppCoordinator.swift */; };
		A569AAAE22207EB600CFF5A7 /* FormCoordinator.swift in Sources */ = {isa = PBXBuildFile; fileRef = A569AAAD22207EB600CFF5A7 /* FormCoordinator.swift */; };
		A569AAB22220843600CFF5A7 /* FormView.swift in Sources */ = {isa = PBXBuildFile; fileRef = A569AAB12220843600CFF5A7 /* FormView.swift */; };
		A569AAB5222084F600CFF5A7 /* CodableView.swift in Sources */ = {isa = PBXBuildFile; fileRef = A569AAB4222084F600CFF5A7 /* CodableView.swift */; };
		A569AAB72220854000CFF5A7 /* NSLayoutConstraint+Util.swift in Sources */ = {isa = PBXBuildFile; fileRef = A569AAB62220854000CFF5A7 /* NSLayoutConstraint+Util.swift */; };
		A569AAB922208AC400CFF5A7 /* FormViewModel.swift in Sources */ = {isa = PBXBuildFile; fileRef = A569AAB822208AC400CFF5A7 /* FormViewModel.swift */; };
		A5E93EF62221CE5D00EE3F9D /* MaskTextField.swift in Sources */ = {isa = PBXBuildFile; fileRef = A5E93EF52221CE5D00EE3F9D /* MaskTextField.swift */; };
		A5E93EF82221ED8400EE3F9D /* String+Extension.swift in Sources */ = {isa = PBXBuildFile; fileRef = A5E93EF72221ED8400EE3F9D /* String+Extension.swift */; };
		A5E93EFA2223076600EE3F9D /* Error+Util.swift in Sources */ = {isa = PBXBuildFile; fileRef = A5E93EF92223076600EE3F9D /* Error+Util.swift */; };
		A5E93EFC22230C3600EE3F9D /* ErrorView.swift in Sources */ = {isa = PBXBuildFile; fileRef = A5E93EFB22230C3600EE3F9D /* ErrorView.swift */; };
		A5E93EFF2223184400EE3F9D /* ResultCoordinator.swift in Sources */ = {isa = PBXBuildFile; fileRef = A5E93EFE2223184400EE3F9D /* ResultCoordinator.swift */; };
		A5E93F012223198B00EE3F9D /* ResultViewModel.swift in Sources */ = {isa = PBXBuildFile; fileRef = A5E93F002223198B00EE3F9D /* ResultViewModel.swift */; };
		A5E93F0522231AF100EE3F9D /* ResultViewController.swift in Sources */ = {isa = PBXBuildFile; fileRef = A5E93F0422231AF100EE3F9D /* ResultViewController.swift */; };
		F87E41E5F1B9D9FB3DB077A3 /* Pods_FixedIncomeSimulator_FixedIncomeSimulatorTests.framework in Frameworks */ = {isa = PBXBuildFile; fileRef = AC1AEBD3EBB69278D003B713 /* Pods_FixedIncomeSimulator_FixedIncomeSimulatorTests.framework */; };
/* End PBXBuildFile section */

/* Begin PBXContainerItemProxy section */
		A569AA8B2220740100CFF5A7 /* PBXContainerItemProxy */ = {
			isa = PBXContainerItemProxy;
			containerPortal = A569AA6E222073FF00CFF5A7 /* Project object */;
			proxyType = 1;
			remoteGlobalIDString = A569AA75222073FF00CFF5A7;
			remoteInfo = FixedIncomeSimulator;
		};
/* End PBXContainerItemProxy section */

/* Begin PBXFileReference section */
		3C42C246EA9CF56D9E46DC32 /* Pods-FixedIncomeSimulator.debug.xcconfig */ = {isa = PBXFileReference; includeInIndex = 1; lastKnownFileType = text.xcconfig; name = "Pods-FixedIncomeSimulator.debug.xcconfig"; path = "Target Support Files/Pods-FixedIncomeSimulator/Pods-FixedIncomeSimulator.debug.xcconfig"; sourceTree = "<group>"; };
		9F850C5C946FC7E766D3EF81 /* Pods_FixedIncomeSimulator.framework */ = {isa = PBXFileReference; explicitFileType = wrapper.framework; includeInIndex = 0; path = Pods_FixedIncomeSimulator.framework; sourceTree = BUILT_PRODUCTS_DIR; };
		A50FC2A522233D1A00E8A110 /* Simulation.swift */ = {isa = PBXFileReference; lastKnownFileType = sourcecode.swift; path = Simulation.swift; sourceTree = "<group>"; };
		A50FC2A722233E6E00E8A110 /* InvestmentParameter.swift */ = {isa = PBXFileReference; lastKnownFileType = sourcecode.swift; path = InvestmentParameter.swift; sourceTree = "<group>"; };
		A50FC2A92223477C00E8A110 /* Double+Extension.swift */ = {isa = PBXFileReference; lastKnownFileType = sourcecode.swift; path = "Double+Extension.swift"; sourceTree = "<group>"; };
		A50FC2AB2223525900E8A110 /* ResultView.swift */ = {isa = PBXFileReference; lastKnownFileType = sourcecode.swift; path = ResultView.swift; sourceTree = "<group>"; };
		A50FC2AD2223588700E8A110 /* DescriptionLabel.swift */ = {isa = PBXFileReference; lastKnownFileType = sourcecode.swift; path = DescriptionLabel.swift; sourceTree = "<group>"; };
		A50FC2AF22235BE800E8A110 /* DefaultStackView.swift */ = {isa = PBXFileReference; lastKnownFileType = sourcecode.swift; path = DefaultStackView.swift; sourceTree = "<group>"; };
		A50FC2B1222380AE00E8A110 /* DefaultButton.swift */ = {isa = PBXFileReference; lastKnownFileType = sourcecode.swift; path = DefaultButton.swift; sourceTree = "<group>"; };
		A50FC2B52224464F00E8A110 /* ResultCell.swift */ = {isa = PBXFileReference; lastKnownFileType = sourcecode.swift; path = ResultCell.swift; sourceTree = "<group>"; };
		A50FC2B72224477200E8A110 /* ResultCellViewModel.swift */ = {isa = PBXFileReference; lastKnownFileType = sourcecode.swift; path = ResultCellViewModel.swift; sourceTree = "<group>"; };
		A50FC2B922244CF100E8A110 /* ListResultDataSource.swift */ = {isa = PBXFileReference; lastKnownFileType = sourcecode.swift; path = ListResultDataSource.swift; sourceTree = "<group>"; };
		A50FC2C222246B3700E8A110 /* APIClientBuilder.swift */ = {isa = PBXFileReference; lastKnownFileType = sourcecode.swift; path = APIClientBuilder.swift; sourceTree = "<group>"; };
		A50FC2C422246B9F00E8A110 /* ErrorHandlerAPIClient.swift */ = {isa = PBXFileReference; lastKnownFileType = sourcecode.swift; path = ErrorHandlerAPIClient.swift; sourceTree = "<group>"; };
		A50FC2C622246C2F00E8A110 /* ErrorHandler.swift */ = {isa = PBXFileReference; lastKnownFileType = sourcecode.swift; path = ErrorHandler.swift; sourceTree = "<group>"; };
		A50FC2C922246C7900E8A110 /* Endpoint.swift */ = {isa = PBXFileReference; lastKnownFileType = sourcecode.swift; path = Endpoint.swift; sourceTree = "<group>"; };
		A50FC2CB22246DA600E8A110 /* RequestAPIClient.swift */ = {isa = PBXFileReference; lastKnownFileType = sourcecode.swift; path = RequestAPIClient.swift; sourceTree = "<group>"; };
		A50FC2CE2224768800E8A110 /* ServiceFactory.swift */ = {isa = PBXFileReference; lastKnownFileType = sourcecode.swift; path = ServiceFactory.swift; sourceTree = "<group>"; };
		A50FC2D0222476DF00E8A110 /* FixedIncomeService.swift */ = {isa = PBXFileReference; lastKnownFileType = sourcecode.swift; path = FixedIncomeService.swift; sourceTree = "<group>"; };
		A50FC2D22224788400E8A110 /* SimulateEndpoint.swift */ = {isa = PBXFileReference; lastKnownFileType = sourcecode.swift; path = SimulateEndpoint.swift; sourceTree = "<group>"; };
		A50FC2D622248FC800E8A110 /* ErrorHandlerAPIClientTests.swift */ = {isa = PBXFileReference; lastKnownFileType = sourcecode.swift; path = ErrorHandlerAPIClientTests.swift; sourceTree = "<group>"; };
		A50FC2D92224905C00E8A110 /* SimulationMock.swift */ = {isa = PBXFileReference; lastKnownFileType = sourcecode.swift; path = SimulationMock.swift; sourceTree = "<group>"; };
		A50FC2DB2224915100E8A110 /* APIClientMock.swift */ = {isa = PBXFileReference; lastKnownFileType = sourcecode.swift; path = APIClientMock.swift; sourceTree = "<group>"; };
		A50FC2DD222491AA00E8A110 /* ErrorHandlerMock.swift */ = {isa = PBXFileReference; lastKnownFileType = sourcecode.swift; path = ErrorHandlerMock.swift; sourceTree = "<group>"; };
		A50FC2E02224926700E8A110 /* SimulateEndpoint.swift */ = {isa = PBXFileReference; lastKnownFileType = sourcecode.swift; path = SimulateEndpoint.swift; sourceTree = "<group>"; };
		A50FC2E32224935700E8A110 /* ServiceFactoryTests.swift */ = {isa = PBXFileReference; lastKnownFileType = sourcecode.swift; path = ServiceFactoryTests.swift; sourceTree = "<group>"; };
		A50FC2E5222493C600E8A110 /* FixedIncomeServiceTests.swift */ = {isa = PBXFileReference; lastKnownFileType = sourcecode.swift; path = FixedIncomeServiceTests.swift; sourceTree = "<group>"; };
		A50FC2E72224947000E8A110 /* ErrorHandlerTests.swift */ = {isa = PBXFileReference; lastKnownFileType = sourcecode.swift; path = ErrorHandlerTests.swift; sourceTree = "<group>"; };
		A50FC2EA222496FE00E8A110 /* DefaultButtonTests.swift */ = {isa = PBXFileReference; lastKnownFileType = sourcecode.swift; path = DefaultButtonTests.swift; sourceTree = "<group>"; };
		A50FC2EC2224991C00E8A110 /* DefaultStackViewTests.swift */ = {isa = PBXFileReference; lastKnownFileType = sourcecode.swift; path = DefaultStackViewTests.swift; sourceTree = "<group>"; };
		A50FC2EE22249ADD00E8A110 /* DescriptionLabelTests.swift */ = {isa = PBXFileReference; lastKnownFileType = sourcecode.swift; path = DescriptionLabelTests.swift; sourceTree = "<group>"; };
		A50FC2F022249C5500E8A110 /* ErrorViewTests.swift */ = {isa = PBXFileReference; lastKnownFileType = sourcecode.swift; path = ErrorViewTests.swift; sourceTree = "<group>"; };
		A50FC2F222249E3000E8A110 /* MaskTextFieldTests.swift */ = {isa = PBXFileReference; lastKnownFileType = sourcecode.swift; path = MaskTextFieldTests.swift; sourceTree = "<group>"; };
		A50FC2F722249FF500E8A110 /* FormViewTests.swift */ = {isa = PBXFileReference; lastKnownFileType = sourcecode.swift; path = FormViewTests.swift; sourceTree = "<group>"; };
		A50FC2F92224A14900E8A110 /* FormViewDelegateMock.swift */ = {isa = PBXFileReference; lastKnownFileType = sourcecode.swift; path = FormViewDelegateMock.swift; sourceTree = "<group>"; };
		A50FC2FB2224A3B200E8A110 /* FormViewControllerTests.swift */ = {isa = PBXFileReference; lastKnownFileType = sourcecode.swift; path = FormViewControllerTests.swift; sourceTree = "<group>"; };
		A50FC2FD2224C94800E8A110 /* FixedIncomeServiceMock.swift */ = {isa = PBXFileReference; lastKnownFileType = sourcecode.swift; path = FixedIncomeServiceMock.swift; sourceTree = "<group>"; };
		A50FC2FF2224CC6A00E8A110 /* FormViewModelTests.swift */ = {isa = PBXFileReference; lastKnownFileType = sourcecode.swift; path = FormViewModelTests.swift; sourceTree = "<group>"; };
		A50FC3012225897400E8A110 /* FormViewModelDelegateMock.swift */ = {isa = PBXFileReference; lastKnownFileType = sourcecode.swift; path = FormViewModelDelegateMock.swift; sourceTree = "<group>"; };
		A50FC30322258F1D00E8A110 /* FormCoordinatorTests.swift */ = {isa = PBXFileReference; lastKnownFileType = sourcecode.swift; path = FormCoordinatorTests.swift; sourceTree = "<group>"; };
		A569AA76222073FF00CFF5A7 /* FixedIncomeSimulator.app */ = {isa = PBXFileReference; explicitFileType = wrapper.application; includeInIndex = 0; path = FixedIncomeSimulator.app; sourceTree = BUILT_PRODUCTS_DIR; };
		A569AA79222073FF00CFF5A7 /* AppDelegate.swift */ = {isa = PBXFileReference; lastKnownFileType = sourcecode.swift; path = AppDelegate.swift; sourceTree = "<group>"; };
		A569AA7B222073FF00CFF5A7 /* FormViewController.swift */ = {isa = PBXFileReference; lastKnownFileType = sourcecode.swift; path = FormViewController.swift; sourceTree = "<group>"; };
		A569AA802220740100CFF5A7 /* Assets.xcassets */ = {isa = PBXFileReference; lastKnownFileType = folder.assetcatalog; path = Assets.xcassets; sourceTree = "<group>"; };
		A569AA832220740100CFF5A7 /* Base */ = {isa = PBXFileReference; lastKnownFileType = file.storyboard; name = Base; path = Base.lproj/LaunchScreen.storyboard; sourceTree = "<group>"; };
		A569AA852220740100CFF5A7 /* Info.plist */ = {isa = PBXFileReference; lastKnownFileType = text.plist.xml; path = Info.plist; sourceTree = "<group>"; };
		A569AA8A2220740100CFF5A7 /* FixedIncomeSimulatorTests.xctest */ = {isa = PBXFileReference; explicitFileType = wrapper.cfbundle; includeInIndex = 0; path = FixedIncomeSimulatorTests.xctest; sourceTree = BUILT_PRODUCTS_DIR; };
		A569AA902220740100CFF5A7 /* Info.plist */ = {isa = PBXFileReference; lastKnownFileType = text.plist.xml; path = Info.plist; sourceTree = "<group>"; };
		A569AAAB22207E4D00CFF5A7 /* AppCoordinator.swift */ = {isa = PBXFileReference; lastKnownFileType = sourcecode.swift; path = AppCoordinator.swift; sourceTree = "<group>"; };
		A569AAAD22207EB600CFF5A7 /* FormCoordinator.swift */ = {isa = PBXFileReference; lastKnownFileType = sourcecode.swift; path = FormCoordinator.swift; sourceTree = "<group>"; };
		A569AAB12220843600CFF5A7 /* FormView.swift */ = {isa = PBXFileReference; lastKnownFileType = sourcecode.swift; path = FormView.swift; sourceTree = "<group>"; };
		A569AAB4222084F600CFF5A7 /* CodableView.swift */ = {isa = PBXFileReference; lastKnownFileType = sourcecode.swift; path = CodableView.swift; sourceTree = "<group>"; };
		A569AAB62220854000CFF5A7 /* NSLayoutConstraint+Util.swift */ = {isa = PBXFileReference; lastKnownFileType = sourcecode.swift; path = "NSLayoutConstraint+Util.swift"; sourceTree = "<group>"; };
		A569AAB822208AC400CFF5A7 /* FormViewModel.swift */ = {isa = PBXFileReference; lastKnownFileType = sourcecode.swift; path = FormViewModel.swift; sourceTree = "<group>"; };
		A5E93EF52221CE5D00EE3F9D /* MaskTextField.swift */ = {isa = PBXFileReference; lastKnownFileType = sourcecode.swift; path = MaskTextField.swift; sourceTree = "<group>"; };
		A5E93EF72221ED8400EE3F9D /* String+Extension.swift */ = {isa = PBXFileReference; lastKnownFileType = sourcecode.swift; path = "String+Extension.swift"; sourceTree = "<group>"; };
		A5E93EF92223076600EE3F9D /* Error+Util.swift */ = {isa = PBXFileReference; lastKnownFileType = sourcecode.swift; path = "Error+Util.swift"; sourceTree = "<group>"; };
		A5E93EFB22230C3600EE3F9D /* ErrorView.swift */ = {isa = PBXFileReference; lastKnownFileType = sourcecode.swift; path = ErrorView.swift; sourceTree = "<group>"; };
		A5E93EFE2223184400EE3F9D /* ResultCoordinator.swift */ = {isa = PBXFileReference; lastKnownFileType = sourcecode.swift; path = ResultCoordinator.swift; sourceTree = "<group>"; };
		A5E93F002223198B00EE3F9D /* ResultViewModel.swift */ = {isa = PBXFileReference; lastKnownFileType = sourcecode.swift; path = ResultViewModel.swift; sourceTree = "<group>"; };
		A5E93F0422231AF100EE3F9D /* ResultViewController.swift */ = {isa = PBXFileReference; lastKnownFileType = sourcecode.swift; path = ResultViewController.swift; sourceTree = "<group>"; };
		AC1AEBD3EBB69278D003B713 /* Pods_FixedIncomeSimulator_FixedIncomeSimulatorTests.framework */ = {isa = PBXFileReference; explicitFileType = wrapper.framework; includeInIndex = 0; path = Pods_FixedIncomeSimulator_FixedIncomeSimulatorTests.framework; sourceTree = BUILT_PRODUCTS_DIR; };
		AC74436661C0C368BC1CD322 /* Pods-FixedIncomeSimulator-FixedIncomeSimulatorTests.release.xcconfig */ = {isa = PBXFileReference; includeInIndex = 1; lastKnownFileType = text.xcconfig; name = "Pods-FixedIncomeSimulator-FixedIncomeSimulatorTests.release.xcconfig"; path = "Target Support Files/Pods-FixedIncomeSimulator-FixedIncomeSimulatorTests/Pods-FixedIncomeSimulator-FixedIncomeSimulatorTests.release.xcconfig"; sourceTree = "<group>"; };
		B7C8C93E1DDA19133A67CE3D /* Pods-FixedIncomeSimulator-FixedIncomeSimulatorTests.debug.xcconfig */ = {isa = PBXFileReference; includeInIndex = 1; lastKnownFileType = text.xcconfig; name = "Pods-FixedIncomeSimulator-FixedIncomeSimulatorTests.debug.xcconfig"; path = "Target Support Files/Pods-FixedIncomeSimulator-FixedIncomeSimulatorTests/Pods-FixedIncomeSimulator-FixedIncomeSimulatorTests.debug.xcconfig"; sourceTree = "<group>"; };
		F49297EAE1D0D9AE36D429A7 /* Pods-FixedIncomeSimulator.release.xcconfig */ = {isa = PBXFileReference; includeInIndex = 1; lastKnownFileType = text.xcconfig; name = "Pods-FixedIncomeSimulator.release.xcconfig"; path = "Target Support Files/Pods-FixedIncomeSimulator/Pods-FixedIncomeSimulator.release.xcconfig"; sourceTree = "<group>"; };
/* End PBXFileReference section */

/* Begin PBXFrameworksBuildPhase section */
		A569AA73222073FF00CFF5A7 /* Frameworks */ = {
			isa = PBXFrameworksBuildPhase;
			buildActionMask = 2147483647;
			files = (
				73CF7BF0AF52C8CF70233B72 /* Pods_FixedIncomeSimulator.framework in Frameworks */,
			);
			runOnlyForDeploymentPostprocessing = 0;
		};
		A569AA872220740100CFF5A7 /* Frameworks */ = {
			isa = PBXFrameworksBuildPhase;
			buildActionMask = 2147483647;
			files = (
				F87E41E5F1B9D9FB3DB077A3 /* Pods_FixedIncomeSimulator_FixedIncomeSimulatorTests.framework in Frameworks */,
			);
			runOnlyForDeploymentPostprocessing = 0;
		};
/* End PBXFrameworksBuildPhase section */

/* Begin PBXGroup section */
		1A914ADECBC05A377223D442 /* Pods */ = {
			isa = PBXGroup;
			children = (
				3C42C246EA9CF56D9E46DC32 /* Pods-FixedIncomeSimulator.debug.xcconfig */,
				F49297EAE1D0D9AE36D429A7 /* Pods-FixedIncomeSimulator.release.xcconfig */,
				B7C8C93E1DDA19133A67CE3D /* Pods-FixedIncomeSimulator-FixedIncomeSimulatorTests.debug.xcconfig */,
				AC74436661C0C368BC1CD322 /* Pods-FixedIncomeSimulator-FixedIncomeSimulatorTests.release.xcconfig */,
			);
			path = Pods;
			sourceTree = "<group>";
		};
		3285119C448C7570182174D9 /* Frameworks */ = {
			isa = PBXGroup;
			children = (
				9F850C5C946FC7E766D3EF81 /* Pods_FixedIncomeSimulator.framework */,
				AC1AEBD3EBB69278D003B713 /* Pods_FixedIncomeSimulator_FixedIncomeSimulatorTests.framework */,
			);
			name = Frameworks;
			sourceTree = "<group>";
		};
		A50FC2A422233CAE00E8A110 /* Models */ = {
			isa = PBXGroup;
			children = (
				A50FC2A522233D1A00E8A110 /* Simulation.swift */,
				A50FC2A722233E6E00E8A110 /* InvestmentParameter.swift */,
			);
			path = Models;
			sourceTree = "<group>";
		};
		A50FC2BF222466DD00E8A110 /* Network */ = {
			isa = PBXGroup;
			children = (
				A50FC2C122246AFB00E8A110 /* APIClient */,
				A50FC2C822246C5500E8A110 /* Endpoints */,
				A50FC2CD2224767200E8A110 /* Services */,
				A50FC2C622246C2F00E8A110 /* ErrorHandler.swift */,
			);
			path = Network;
			sourceTree = "<group>";
		};
		A50FC2C122246AFB00E8A110 /* APIClient */ = {
			isa = PBXGroup;
			children = (
				A50FC2C222246B3700E8A110 /* APIClientBuilder.swift */,
				A50FC2CB22246DA600E8A110 /* RequestAPIClient.swift */,
				A50FC2C422246B9F00E8A110 /* ErrorHandlerAPIClient.swift */,
			);
			path = APIClient;
			sourceTree = "<group>";
		};
		A50FC2C822246C5500E8A110 /* Endpoints */ = {
			isa = PBXGroup;
			children = (
				A50FC2C922246C7900E8A110 /* Endpoint.swift */,
				A50FC2D22224788400E8A110 /* SimulateEndpoint.swift */,
			);
			path = Endpoints;
			sourceTree = "<group>";
		};
		A50FC2CD2224767200E8A110 /* Services */ = {
			isa = PBXGroup;
			children = (
				A50FC2CE2224768800E8A110 /* ServiceFactory.swift */,
				A50FC2D0222476DF00E8A110 /* FixedIncomeService.swift */,
			);
			path = Services;
			sourceTree = "<group>";
		};
		A50FC2D422248F8A00E8A110 /* Network */ = {
			isa = PBXGroup;
			children = (
				A50FC2D522248FAC00E8A110 /* APIClient */,
				A50FC2DF2224925800E8A110 /* Endpoints */,
				A50FC2E22224934A00E8A110 /* Services */,
				A50FC2E72224947000E8A110 /* ErrorHandlerTests.swift */,
			);
			path = Network;
			sourceTree = "<group>";
		};
		A50FC2D522248FAC00E8A110 /* APIClient */ = {
			isa = PBXGroup;
			children = (
				A50FC2D622248FC800E8A110 /* ErrorHandlerAPIClientTests.swift */,
			);
			path = APIClient;
			sourceTree = "<group>";
		};
		A50FC2D82224904500E8A110 /* Mocks */ = {
			isa = PBXGroup;
			children = (
				A50FC2D92224905C00E8A110 /* SimulationMock.swift */,
				A50FC2DB2224915100E8A110 /* APIClientMock.swift */,
				A50FC2DD222491AA00E8A110 /* ErrorHandlerMock.swift */,
				A50FC2F92224A14900E8A110 /* FormViewDelegateMock.swift */,
				A50FC2FD2224C94800E8A110 /* FixedIncomeServiceMock.swift */,
				A50FC3012225897400E8A110 /* FormViewModelDelegateMock.swift */,
			);
			path = Mocks;
			sourceTree = "<group>";
		};
		A50FC2DF2224925800E8A110 /* Endpoints */ = {
			isa = PBXGroup;
			children = (
				A50FC2E02224926700E8A110 /* SimulateEndpoint.swift */,
			);
			path = Endpoints;
			sourceTree = "<group>";
		};
		A50FC2E22224934A00E8A110 /* Services */ = {
			isa = PBXGroup;
			children = (
				A50FC2E32224935700E8A110 /* ServiceFactoryTests.swift */,
				A50FC2E5222493C600E8A110 /* FixedIncomeServiceTests.swift */,
			);
			path = Services;
			sourceTree = "<group>";
		};
		A50FC2E9222496DA00E8A110 /* Components */ = {
			isa = PBXGroup;
			children = (
				A50FC2EA222496FE00E8A110 /* DefaultButtonTests.swift */,
				A50FC2EC2224991C00E8A110 /* DefaultStackViewTests.swift */,
				A50FC2EE22249ADD00E8A110 /* DescriptionLabelTests.swift */,
				A50FC2F022249C5500E8A110 /* ErrorViewTests.swift */,
				A50FC2F222249E3000E8A110 /* MaskTextFieldTests.swift */,
			);
			path = Components;
			sourceTree = "<group>";
		};
		A50FC2F522249FBA00E8A110 /* Features */ = {
			isa = PBXGroup;
			children = (
				A50FC2F622249FC200E8A110 /* Form */,
			);
			path = Features;
			sourceTree = "<group>";
		};
		A50FC2F622249FC200E8A110 /* Form */ = {
			isa = PBXGroup;
			children = (
				A50FC30322258F1D00E8A110 /* FormCoordinatorTests.swift */,
				A50FC2FF2224CC6A00E8A110 /* FormViewModelTests.swift */,
				A50FC2FB2224A3B200E8A110 /* FormViewControllerTests.swift */,
				A50FC2F722249FF500E8A110 /* FormViewTests.swift */,
			);
			path = Form;
			sourceTree = "<group>";
		};
		A569AA6D222073FF00CFF5A7 = {
			isa = PBXGroup;
			children = (
				A569AA78222073FF00CFF5A7 /* FixedIncomeSimulator */,
				A569AA8D2220740100CFF5A7 /* FixedIncomeSimulatorTests */,
				A569AA77222073FF00CFF5A7 /* Products */,
				1A914ADECBC05A377223D442 /* Pods */,
				3285119C448C7570182174D9 /* Frameworks */,
			);
			sourceTree = "<group>";
		};
		A569AA77222073FF00CFF5A7 /* Products */ = {
			isa = PBXGroup;
			children = (
				A569AA76222073FF00CFF5A7 /* FixedIncomeSimulator.app */,
				A569AA8A2220740100CFF5A7 /* FixedIncomeSimulatorTests.xctest */,
			);
			name = Products;
			sourceTree = "<group>";
		};
		A569AA78222073FF00CFF5A7 /* FixedIncomeSimulator */ = {
			isa = PBXGroup;
			children = (
				A569AA852220740100CFF5A7 /* Info.plist */,
				A569AA79222073FF00CFF5A7 /* AppDelegate.swift */,
				A569AAAB22207E4D00CFF5A7 /* AppCoordinator.swift */,
				A569AAA922207CD800CFF5A7 /* Features */,
				A50FC2BF222466DD00E8A110 /* Network */,
				A50FC2A422233CAE00E8A110 /* Models */,
				A5E93EF42221CE4D00EE3F9D /* Components */,
				A569AAA72220767300CFF5A7 /* Resources */,
				A569AAB3222084E000CFF5A7 /* Utils */,
			);
			path = FixedIncomeSimulator;
			sourceTree = "<group>";
		};
		A569AA8D2220740100CFF5A7 /* FixedIncomeSimulatorTests */ = {
			isa = PBXGroup;
			children = (
				A569AA902220740100CFF5A7 /* Info.plist */,
				A50FC2F522249FBA00E8A110 /* Features */,
				A50FC2D422248F8A00E8A110 /* Network */,
				A50FC2E9222496DA00E8A110 /* Components */,
				A50FC2D82224904500E8A110 /* Mocks */,
			);
			path = FixedIncomeSimulatorTests;
			sourceTree = "<group>";
		};
		A569AAA72220767300CFF5A7 /* Resources */ = {
			isa = PBXGroup;
			children = (
				A569AA802220740100CFF5A7 /* Assets.xcassets */,
				A569AA822220740100CFF5A7 /* LaunchScreen.storyboard */,
			);
			path = Resources;
			sourceTree = "<group>";
		};
		A569AAA922207CD800CFF5A7 /* Features */ = {
			isa = PBXGroup;
			children = (
				A569AAAA22207CE200CFF5A7 /* Form */,
				A5E93EFD2223175800EE3F9D /* Result */,
			);
			path = Features;
			sourceTree = "<group>";
		};
		A569AAAA22207CE200CFF5A7 /* Form */ = {
			isa = PBXGroup;
			children = (
				A569AAAD22207EB600CFF5A7 /* FormCoordinator.swift */,
				A569AAB822208AC400CFF5A7 /* FormViewModel.swift */,
				A569AA7B222073FF00CFF5A7 /* FormViewController.swift */,
				A569AAB12220843600CFF5A7 /* FormView.swift */,
			);
			path = Form;
			sourceTree = "<group>";
		};
		A569AAB3222084E000CFF5A7 /* Utils */ = {
			isa = PBXGroup;
			children = (
				A569AAB4222084F600CFF5A7 /* CodableView.swift */,
				A569AAB62220854000CFF5A7 /* NSLayoutConstraint+Util.swift */,
				A5E93EF72221ED8400EE3F9D /* String+Extension.swift */,
				A5E93EF92223076600EE3F9D /* Error+Util.swift */,
				A50FC2A92223477C00E8A110 /* Double+Extension.swift */,
			);
			path = Utils;
			sourceTree = "<group>";
		};
		A5E93EF42221CE4D00EE3F9D /* Components */ = {
			isa = PBXGroup;
			children = (
				A5E93EF52221CE5D00EE3F9D /* MaskTextField.swift */,
				A5E93EFB22230C3600EE3F9D /* ErrorView.swift */,
				A50FC2AD2223588700E8A110 /* DescriptionLabel.swift */,
				A50FC2AF22235BE800E8A110 /* DefaultStackView.swift */,
				A50FC2B1222380AE00E8A110 /* DefaultButton.swift */,
			);
			path = Components;
			sourceTree = "<group>";
		};
		A5E93EFD2223175800EE3F9D /* Result */ = {
			isa = PBXGroup;
			children = (
				A5E93EFE2223184400EE3F9D /* ResultCoordinator.swift */,
				A5E93F002223198B00EE3F9D /* ResultViewModel.swift */,
				A5E93F0422231AF100EE3F9D /* ResultViewController.swift */,
				A50FC2AB2223525900E8A110 /* ResultView.swift */,
				A50FC2B922244CF100E8A110 /* ListResultDataSource.swift */,
				A50FC2B72224477200E8A110 /* ResultCellViewModel.swift */,
				A50FC2B52224464F00E8A110 /* ResultCell.swift */,
			);
			path = Result;
			sourceTree = "<group>";
		};
/* End PBXGroup section */

/* Begin PBXNativeTarget section */
		A569AA75222073FF00CFF5A7 /* FixedIncomeSimulator */ = {
			isa = PBXNativeTarget;
			buildConfigurationList = A569AA9E2220740100CFF5A7 /* Build configuration list for PBXNativeTarget "FixedIncomeSimulator" */;
			buildPhases = (
				D25C2F48BB36B66C276BEA64 /* [CP] Check Pods Manifest.lock */,
				A569AAA8222076CD00CFF5A7 /* [SL] Lint */,
				A569AA72222073FF00CFF5A7 /* Sources */,
				A569AA73222073FF00CFF5A7 /* Frameworks */,
				A569AA74222073FF00CFF5A7 /* Resources */,
				9A8BCC9A9F0FDB33272ECA8D /* [CP] Embed Pods Frameworks */,
			);
			buildRules = (
			);
			dependencies = (
			);
			name = FixedIncomeSimulator;
			productName = FixedIncomeSimulator;
			productReference = A569AA76222073FF00CFF5A7 /* FixedIncomeSimulator.app */;
			productType = "com.apple.product-type.application";
		};
		A569AA892220740100CFF5A7 /* FixedIncomeSimulatorTests */ = {
			isa = PBXNativeTarget;
			buildConfigurationList = A569AAA12220740100CFF5A7 /* Build configuration list for PBXNativeTarget "FixedIncomeSimulatorTests" */;
			buildPhases = (
				5A26981707710C22A063ACCB /* [CP] Check Pods Manifest.lock */,
				A569AA862220740100CFF5A7 /* Sources */,
				A569AA872220740100CFF5A7 /* Frameworks */,
				A569AA882220740100CFF5A7 /* Resources */,
				7D9B7EB86BF347BB7A8BA314 /* [CP] Embed Pods Frameworks */,
			);
			buildRules = (
			);
			dependencies = (
				A569AA8C2220740100CFF5A7 /* PBXTargetDependency */,
			);
			name = FixedIncomeSimulatorTests;
			productName = FixedIncomeSimulatorTests;
			productReference = A569AA8A2220740100CFF5A7 /* FixedIncomeSimulatorTests.xctest */;
			productType = "com.apple.product-type.bundle.unit-test";
		};
/* End PBXNativeTarget section */

/* Begin PBXProject section */
		A569AA6E222073FF00CFF5A7 /* Project object */ = {
			isa = PBXProject;
			attributes = {
				LastSwiftUpdateCheck = 1010;
				LastUpgradeCheck = 1010;
				ORGANIZATIONNAME = "Renato Mendes";
				TargetAttributes = {
					A569AA75222073FF00CFF5A7 = {
						CreatedOnToolsVersion = 10.1;
					};
					A569AA892220740100CFF5A7 = {
						CreatedOnToolsVersion = 10.1;
						LastSwiftMigration = 1010;
						TestTargetID = A569AA75222073FF00CFF5A7;
					};
				};
			};
			buildConfigurationList = A569AA71222073FF00CFF5A7 /* Build configuration list for PBXProject "FixedIncomeSimulator" */;
			compatibilityVersion = "Xcode 9.3";
			developmentRegion = en;
			hasScannedForEncodings = 0;
			knownRegions = (
				en,
				Base,
			);
			mainGroup = A569AA6D222073FF00CFF5A7;
			productRefGroup = A569AA77222073FF00CFF5A7 /* Products */;
			projectDirPath = "";
			projectRoot = "";
			targets = (
				A569AA75222073FF00CFF5A7 /* FixedIncomeSimulator */,
				A569AA892220740100CFF5A7 /* FixedIncomeSimulatorTests */,
			);
		};
/* End PBXProject section */

/* Begin PBXResourcesBuildPhase section */
		A569AA74222073FF00CFF5A7 /* Resources */ = {
			isa = PBXResourcesBuildPhase;
			buildActionMask = 2147483647;
			files = (
				A569AA842220740100CFF5A7 /* LaunchScreen.storyboard in Resources */,
				A569AA812220740100CFF5A7 /* Assets.xcassets in Resources */,
			);
			runOnlyForDeploymentPostprocessing = 0;
		};
		A569AA882220740100CFF5A7 /* Resources */ = {
			isa = PBXResourcesBuildPhase;
			buildActionMask = 2147483647;
			files = (
			);
			runOnlyForDeploymentPostprocessing = 0;
		};
/* End PBXResourcesBuildPhase section */

/* Begin PBXShellScriptBuildPhase section */
		5A26981707710C22A063ACCB /* [CP] Check Pods Manifest.lock */ = {
			isa = PBXShellScriptBuildPhase;
			buildActionMask = 2147483647;
			files = (
			);
			inputFileListPaths = (
			);
			inputPaths = (
				"${PODS_PODFILE_DIR_PATH}/Podfile.lock",
				"${PODS_ROOT}/Manifest.lock",
			);
			name = "[CP] Check Pods Manifest.lock";
			outputFileListPaths = (
			);
			outputPaths = (
				"$(DERIVED_FILE_DIR)/Pods-FixedIncomeSimulator-FixedIncomeSimulatorTests-checkManifestLockResult.txt",
			);
			runOnlyForDeploymentPostprocessing = 0;
			shellPath = /bin/sh;
			shellScript = "diff \"${PODS_PODFILE_DIR_PATH}/Podfile.lock\" \"${PODS_ROOT}/Manifest.lock\" > /dev/null\nif [ $? != 0 ] ; then\n    # print error to STDERR\n    echo \"error: The sandbox is not in sync with the Podfile.lock. Run 'pod install' or update your CocoaPods installation.\" >&2\n    exit 1\nfi\n# This output is used by Xcode 'outputs' to avoid re-running this script phase.\necho \"SUCCESS\" > \"${SCRIPT_OUTPUT_FILE_0}\"\n";
			showEnvVarsInLog = 0;
		};
		7D9B7EB86BF347BB7A8BA314 /* [CP] Embed Pods Frameworks */ = {
			isa = PBXShellScriptBuildPhase;
			buildActionMask = 2147483647;
			files = (
			);
			inputFileListPaths = (
			);
			inputPaths = (
				"${PODS_ROOT}/Target Support Files/Pods-FixedIncomeSimulator-FixedIncomeSimulatorTests/Pods-FixedIncomeSimulator-FixedIncomeSimulatorTests-frameworks.sh",
				"${BUILT_PRODUCTS_DIR}/IQKeyboardManagerSwift/IQKeyboardManagerSwift.framework",
				"${BUILT_PRODUCTS_DIR}/Reusable/Reusable.framework",
				"${BUILT_PRODUCTS_DIR}/Nimble/Nimble.framework",
				"${BUILT_PRODUCTS_DIR}/Nimble-Snapshots/Nimble_Snapshots.framework",
				"${BUILT_PRODUCTS_DIR}/Quick/Quick.framework",
				"${BUILT_PRODUCTS_DIR}/iOSSnapshotTestCase/FBSnapshotTestCase.framework",
			);
			name = "[CP] Embed Pods Frameworks";
			outputFileListPaths = (
			);
			outputPaths = (
				"${TARGET_BUILD_DIR}/${FRAMEWORKS_FOLDER_PATH}/IQKeyboardManagerSwift.framework",
				"${TARGET_BUILD_DIR}/${FRAMEWORKS_FOLDER_PATH}/Reusable.framework",
				"${TARGET_BUILD_DIR}/${FRAMEWORKS_FOLDER_PATH}/Nimble.framework",
				"${TARGET_BUILD_DIR}/${FRAMEWORKS_FOLDER_PATH}/Nimble_Snapshots.framework",
				"${TARGET_BUILD_DIR}/${FRAMEWORKS_FOLDER_PATH}/Quick.framework",
				"${TARGET_BUILD_DIR}/${FRAMEWORKS_FOLDER_PATH}/FBSnapshotTestCase.framework",
			);
			runOnlyForDeploymentPostprocessing = 0;
			shellPath = /bin/sh;
			shellScript = "\"${PODS_ROOT}/Target Support Files/Pods-FixedIncomeSimulator-FixedIncomeSimulatorTests/Pods-FixedIncomeSimulator-FixedIncomeSimulatorTests-frameworks.sh\"\n";
			showEnvVarsInLog = 0;
		};
		9A8BCC9A9F0FDB33272ECA8D /* [CP] Embed Pods Frameworks */ = {
			isa = PBXShellScriptBuildPhase;
			buildActionMask = 2147483647;
			files = (
			);
			inputFileListPaths = (
			);
			inputPaths = (
				"${PODS_ROOT}/Target Support Files/Pods-FixedIncomeSimulator/Pods-FixedIncomeSimulator-frameworks.sh",
				"${BUILT_PRODUCTS_DIR}/IQKeyboardManagerSwift/IQKeyboardManagerSwift.framework",
				"${BUILT_PRODUCTS_DIR}/Reusable/Reusable.framework",
			);
			name = "[CP] Embed Pods Frameworks";
			outputFileListPaths = (
			);
			outputPaths = (
				"${TARGET_BUILD_DIR}/${FRAMEWORKS_FOLDER_PATH}/IQKeyboardManagerSwift.framework",
				"${TARGET_BUILD_DIR}/${FRAMEWORKS_FOLDER_PATH}/Reusable.framework",
			);
			runOnlyForDeploymentPostprocessing = 0;
			shellPath = /bin/sh;
			shellScript = "\"${PODS_ROOT}/Target Support Files/Pods-FixedIncomeSimulator/Pods-FixedIncomeSimulator-frameworks.sh\"\n";
			showEnvVarsInLog = 0;
		};
		A569AAA8222076CD00CFF5A7 /* [SL] Lint */ = {
			isa = PBXShellScriptBuildPhase;
			buildActionMask = 2147483647;
			files = (
			);
			inputFileListPaths = (
			);
			inputPaths = (
			);
			name = "[SL] Lint";
			outputFileListPaths = (
			);
			outputPaths = (
			);
			runOnlyForDeploymentPostprocessing = 0;
			shellPath = /bin/sh;
			shellScript = "\"${PODS_ROOT}/SwiftLint/swiftlint\"\n";
		};
		D25C2F48BB36B66C276BEA64 /* [CP] Check Pods Manifest.lock */ = {
			isa = PBXShellScriptBuildPhase;
			buildActionMask = 2147483647;
			files = (
			);
			inputFileListPaths = (
			);
			inputPaths = (
				"${PODS_PODFILE_DIR_PATH}/Podfile.lock",
				"${PODS_ROOT}/Manifest.lock",
			);
			name = "[CP] Check Pods Manifest.lock";
			outputFileListPaths = (
			);
			outputPaths = (
				"$(DERIVED_FILE_DIR)/Pods-FixedIncomeSimulator-checkManifestLockResult.txt",
			);
			runOnlyForDeploymentPostprocessing = 0;
			shellPath = /bin/sh;
			shellScript = "diff \"${PODS_PODFILE_DIR_PATH}/Podfile.lock\" \"${PODS_ROOT}/Manifest.lock\" > /dev/null\nif [ $? != 0 ] ; then\n    # print error to STDERR\n    echo \"error: The sandbox is not in sync with the Podfile.lock. Run 'pod install' or update your CocoaPods installation.\" >&2\n    exit 1\nfi\n# This output is used by Xcode 'outputs' to avoid re-running this script phase.\necho \"SUCCESS\" > \"${SCRIPT_OUTPUT_FILE_0}\"\n";
			showEnvVarsInLog = 0;
		};
/* End PBXShellScriptBuildPhase section */

/* Begin PBXSourcesBuildPhase section */
		A569AA72222073FF00CFF5A7 /* Sources */ = {
			isa = PBXSourcesBuildPhase;
			buildActionMask = 2147483647;
			files = (
				A50FC2A622233D1A00E8A110 /* Simulation.swift in Sources */,
				A50FC2CA22246C7900E8A110 /* Endpoint.swift in Sources */,
				A50FC2C722246C2F00E8A110 /* ErrorHandler.swift in Sources */,
				A569AAAE22207EB600CFF5A7 /* FormCoordinator.swift in Sources */,
				A50FC2AA2223477C00E8A110 /* Double+Extension.swift in Sources */,
				A50FC2AC2223525900E8A110 /* ResultView.swift in Sources */,
				A5E93F012223198B00EE3F9D /* ResultViewModel.swift in Sources */,
				A569AAB5222084F600CFF5A7 /* CodableView.swift in Sources */,
				A50FC2A822233E6E00E8A110 /* InvestmentParameter.swift in Sources */,
				A569AAAC22207E4D00CFF5A7 /* AppCoordinator.swift in Sources */,
				A569AAB22220843600CFF5A7 /* FormView.swift in Sources */,
				A50FC2CF2224768800E8A110 /* ServiceFactory.swift in Sources */,
				A5E93F0522231AF100EE3F9D /* ResultViewController.swift in Sources */,
				A569AAB72220854000CFF5A7 /* NSLayoutConstraint+Util.swift in Sources */,
				A50FC2B62224464F00E8A110 /* ResultCell.swift in Sources */,
				A50FC2D1222476DF00E8A110 /* FixedIncomeService.swift in Sources */,
				A569AA7C222073FF00CFF5A7 /* FormViewController.swift in Sources */,
				A5E93EF62221CE5D00EE3F9D /* MaskTextField.swift in Sources */,
				A50FC2BA22244CF100E8A110 /* ListResultDataSource.swift in Sources */,
				A5E93EFC22230C3600EE3F9D /* ErrorView.swift in Sources */,
				A569AAB922208AC400CFF5A7 /* FormViewModel.swift in Sources */,
				A5E93EF82221ED8400EE3F9D /* String+Extension.swift in Sources */,
				A5E93EFA2223076600EE3F9D /* Error+Util.swift in Sources */,
				A50FC2C522246B9F00E8A110 /* ErrorHandlerAPIClient.swift in Sources */,
				A50FC2D32224788400E8A110 /* SimulateEndpoint.swift in Sources */,
				A50FC2AE2223588700E8A110 /* DescriptionLabel.swift in Sources */,
				A50FC2B022235BE800E8A110 /* DefaultStackView.swift in Sources */,
				A50FC2B2222380AE00E8A110 /* DefaultButton.swift in Sources */,
				A5E93EFF2223184400EE3F9D /* ResultCoordinator.swift in Sources */,
				A569AA7A222073FF00CFF5A7 /* AppDelegate.swift in Sources */,
				A50FC2B82224477200E8A110 /* ResultCellViewModel.swift in Sources */,
				A50FC2C322246B3700E8A110 /* APIClientBuilder.swift in Sources */,
				A50FC2CC22246DA600E8A110 /* RequestAPIClient.swift in Sources */,
			);
			runOnlyForDeploymentPostprocessing = 0;
		};
		A569AA862220740100CFF5A7 /* Sources */ = {
			isa = PBXSourcesBuildPhase;
			buildActionMask = 2147483647;
			files = (
				A50FC3002224CC6A00E8A110 /* FormViewModelTests.swift in Sources */,
				A50FC2DC2224915100E8A110 /* APIClientMock.swift in Sources */,
				A50FC2E6222493C600E8A110 /* FixedIncomeServiceTests.swift in Sources */,
				A50FC2EF22249ADD00E8A110 /* DescriptionLabelTests.swift in Sources */,
				A50FC3022225897400E8A110 /* FormViewModelDelegateMock.swift in Sources */,
				A50FC2E12224926700E8A110 /* SimulateEndpoint.swift in Sources */,
				A50FC2E42224935700E8A110 /* ServiceFactoryTests.swift in Sources */,
				A50FC2DA2224905C00E8A110 /* SimulationMock.swift in Sources */,
				A50FC2E82224947000E8A110 /* ErrorHandlerTests.swift in Sources */,
				A50FC2EB222496FE00E8A110 /* DefaultButtonTests.swift in Sources */,
				A50FC2FA2224A14900E8A110 /* FormViewDelegateMock.swift in Sources */,
				A50FC2F822249FF500E8A110 /* FormViewTests.swift in Sources */,
				A50FC2ED2224991C00E8A110 /* DefaultStackViewTests.swift in Sources */,
				A50FC2D722248FC800E8A110 /* ErrorHandlerAPIClientTests.swift in Sources */,
				A50FC2DE222491AA00E8A110 /* ErrorHandlerMock.swift in Sources */,
				A50FC2FE2224C94800E8A110 /* FixedIncomeServiceMock.swift in Sources */,
				A50FC30422258F1D00E8A110 /* FormCoordinatorTests.swift in Sources */,
				A50FC2F122249C5500E8A110 /* ErrorViewTests.swift in Sources */,
				A50FC2FC2224A3B200E8A110 /* FormViewControllerTests.swift in Sources */,
				A50FC2F322249E3000E8A110 /* MaskTextFieldTests.swift in Sources */,
			);
			runOnlyForDeploymentPostprocessing = 0;
		};
/* End PBXSourcesBuildPhase section */

/* Begin PBXTargetDependency section */
		A569AA8C2220740100CFF5A7 /* PBXTargetDependency */ = {
			isa = PBXTargetDependency;
			target = A569AA75222073FF00CFF5A7 /* FixedIncomeSimulator */;
			targetProxy = A569AA8B2220740100CFF5A7 /* PBXContainerItemProxy */;
		};
/* End PBXTargetDependency section */

/* Begin PBXVariantGroup section */
		A569AA822220740100CFF5A7 /* LaunchScreen.storyboard */ = {
			isa = PBXVariantGroup;
			children = (
				A569AA832220740100CFF5A7 /* Base */,
			);
			name = LaunchScreen.storyboard;
			sourceTree = "<group>";
		};
/* End PBXVariantGroup section */

/* Begin XCBuildConfiguration section */
		A569AA9C2220740100CFF5A7 /* Debug */ = {
			isa = XCBuildConfiguration;
			buildSettings = {
				ALWAYS_SEARCH_USER_PATHS = NO;
				CLANG_ANALYZER_NONNULL = YES;
				CLANG_ANALYZER_NUMBER_OBJECT_CONVERSION = YES_AGGRESSIVE;
				CLANG_CXX_LANGUAGE_STANDARD = "gnu++14";
				CLANG_CXX_LIBRARY = "libc++";
				CLANG_ENABLE_MODULES = YES;
				CLANG_ENABLE_OBJC_ARC = YES;
				CLANG_ENABLE_OBJC_WEAK = YES;
				CLANG_WARN_BLOCK_CAPTURE_AUTORELEASING = YES;
				CLANG_WARN_BOOL_CONVERSION = YES;
				CLANG_WARN_COMMA = YES;
				CLANG_WARN_CONSTANT_CONVERSION = YES;
				CLANG_WARN_DEPRECATED_OBJC_IMPLEMENTATIONS = YES;
				CLANG_WARN_DIRECT_OBJC_ISA_USAGE = YES_ERROR;
				CLANG_WARN_DOCUMENTATION_COMMENTS = YES;
				CLANG_WARN_EMPTY_BODY = YES;
				CLANG_WARN_ENUM_CONVERSION = YES;
				CLANG_WARN_INFINITE_RECURSION = YES;
				CLANG_WARN_INT_CONVERSION = YES;
				CLANG_WARN_NON_LITERAL_NULL_CONVERSION = YES;
				CLANG_WARN_OBJC_IMPLICIT_RETAIN_SELF = YES;
				CLANG_WARN_OBJC_LITERAL_CONVERSION = YES;
				CLANG_WARN_OBJC_ROOT_CLASS = YES_ERROR;
				CLANG_WARN_RANGE_LOOP_ANALYSIS = YES;
				CLANG_WARN_STRICT_PROTOTYPES = YES;
				CLANG_WARN_SUSPICIOUS_MOVE = YES;
				CLANG_WARN_UNGUARDED_AVAILABILITY = YES_AGGRESSIVE;
				CLANG_WARN_UNREACHABLE_CODE = YES;
				CLANG_WARN__DUPLICATE_METHOD_MATCH = YES;
				CODE_SIGN_IDENTITY = "iPhone Developer";
				COPY_PHASE_STRIP = NO;
				DEBUG_INFORMATION_FORMAT = dwarf;
				ENABLE_STRICT_OBJC_MSGSEND = YES;
				ENABLE_TESTABILITY = YES;
				GCC_C_LANGUAGE_STANDARD = gnu11;
				GCC_DYNAMIC_NO_PIC = NO;
				GCC_NO_COMMON_BLOCKS = YES;
				GCC_OPTIMIZATION_LEVEL = 0;
				GCC_PREPROCESSOR_DEFINITIONS = (
					"DEBUG=1",
					"$(inherited)",
				);
				GCC_WARN_64_TO_32_BIT_CONVERSION = YES;
				GCC_WARN_ABOUT_RETURN_TYPE = YES_ERROR;
				GCC_WARN_UNDECLARED_SELECTOR = YES;
				GCC_WARN_UNINITIALIZED_AUTOS = YES_AGGRESSIVE;
				GCC_WARN_UNUSED_FUNCTION = YES;
				GCC_WARN_UNUSED_VARIABLE = YES;
				IPHONEOS_DEPLOYMENT_TARGET = 11.0;
				MTL_ENABLE_DEBUG_INFO = INCLUDE_SOURCE;
				MTL_FAST_MATH = YES;
				ONLY_ACTIVE_ARCH = YES;
				SDKROOT = iphoneos;
				SWIFT_ACTIVE_COMPILATION_CONDITIONS = DEBUG;
				SWIFT_OPTIMIZATION_LEVEL = "-Onone";
			};
			name = Debug;
		};
		A569AA9D2220740100CFF5A7 /* Release */ = {
			isa = XCBuildConfiguration;
			buildSettings = {
				ALWAYS_SEARCH_USER_PATHS = NO;
				CLANG_ANALYZER_NONNULL = YES;
				CLANG_ANALYZER_NUMBER_OBJECT_CONVERSION = YES_AGGRESSIVE;
				CLANG_CXX_LANGUAGE_STANDARD = "gnu++14";
				CLANG_CXX_LIBRARY = "libc++";
				CLANG_ENABLE_MODULES = YES;
				CLANG_ENABLE_OBJC_ARC = YES;
				CLANG_ENABLE_OBJC_WEAK = YES;
				CLANG_WARN_BLOCK_CAPTURE_AUTORELEASING = YES;
				CLANG_WARN_BOOL_CONVERSION = YES;
				CLANG_WARN_COMMA = YES;
				CLANG_WARN_CONSTANT_CONVERSION = YES;
				CLANG_WARN_DEPRECATED_OBJC_IMPLEMENTATIONS = YES;
				CLANG_WARN_DIRECT_OBJC_ISA_USAGE = YES_ERROR;
				CLANG_WARN_DOCUMENTATION_COMMENTS = YES;
				CLANG_WARN_EMPTY_BODY = YES;
				CLANG_WARN_ENUM_CONVERSION = YES;
				CLANG_WARN_INFINITE_RECURSION = YES;
				CLANG_WARN_INT_CONVERSION = YES;
				CLANG_WARN_NON_LITERAL_NULL_CONVERSION = YES;
				CLANG_WARN_OBJC_IMPLICIT_RETAIN_SELF = YES;
				CLANG_WARN_OBJC_LITERAL_CONVERSION = YES;
				CLANG_WARN_OBJC_ROOT_CLASS = YES_ERROR;
				CLANG_WARN_RANGE_LOOP_ANALYSIS = YES;
				CLANG_WARN_STRICT_PROTOTYPES = YES;
				CLANG_WARN_SUSPICIOUS_MOVE = YES;
				CLANG_WARN_UNGUARDED_AVAILABILITY = YES_AGGRESSIVE;
				CLANG_WARN_UNREACHABLE_CODE = YES;
				CLANG_WARN__DUPLICATE_METHOD_MATCH = YES;
				CODE_SIGN_IDENTITY = "iPhone Developer";
				COPY_PHASE_STRIP = NO;
				DEBUG_INFORMATION_FORMAT = "dwarf-with-dsym";
				ENABLE_NS_ASSERTIONS = NO;
				ENABLE_STRICT_OBJC_MSGSEND = YES;
				GCC_C_LANGUAGE_STANDARD = gnu11;
				GCC_NO_COMMON_BLOCKS = YES;
				GCC_WARN_64_TO_32_BIT_CONVERSION = YES;
				GCC_WARN_ABOUT_RETURN_TYPE = YES_ERROR;
				GCC_WARN_UNDECLARED_SELECTOR = YES;
				GCC_WARN_UNINITIALIZED_AUTOS = YES_AGGRESSIVE;
				GCC_WARN_UNUSED_FUNCTION = YES;
				GCC_WARN_UNUSED_VARIABLE = YES;
				IPHONEOS_DEPLOYMENT_TARGET = 11.0;
				MTL_ENABLE_DEBUG_INFO = NO;
				MTL_FAST_MATH = YES;
				SDKROOT = iphoneos;
				SWIFT_COMPILATION_MODE = wholemodule;
				SWIFT_OPTIMIZATION_LEVEL = "-O";
				VALIDATE_PRODUCT = YES;
			};
			name = Release;
		};
		A569AA9F2220740100CFF5A7 /* Debug */ = {
			isa = XCBuildConfiguration;
			baseConfigurationReference = 3C42C246EA9CF56D9E46DC32 /* Pods-FixedIncomeSimulator.debug.xcconfig */;
			buildSettings = {
				ASSETCATALOG_COMPILER_APPICON_NAME = AppIcon;
				CODE_SIGN_STYLE = Automatic;
				DEVELOPMENT_TEAM = KWEMDK92F4;
				INFOPLIST_FILE = FixedIncomeSimulator/Info.plist;
				IPHONEOS_DEPLOYMENT_TARGET = 11.0;
				LD_RUNPATH_SEARCH_PATHS = (
					"$(inherited)",
					"@executable_path/Frameworks",
				);
				PRODUCT_BUNDLE_IDENTIFIER = com.rm.FixedIncomeSimulator;
				PRODUCT_NAME = "$(TARGET_NAME)";
				SWIFT_VERSION = 4.2;
				TARGETED_DEVICE_FAMILY = 1;
			};
			name = Debug;
		};
		A569AAA02220740100CFF5A7 /* Release */ = {
			isa = XCBuildConfiguration;
			baseConfigurationReference = F49297EAE1D0D9AE36D429A7 /* Pods-FixedIncomeSimulator.release.xcconfig */;
			buildSettings = {
				ASSETCATALOG_COMPILER_APPICON_NAME = AppIcon;
				CODE_SIGN_STYLE = Automatic;
				DEVELOPMENT_TEAM = KWEMDK92F4;
				INFOPLIST_FILE = FixedIncomeSimulator/Info.plist;
				IPHONEOS_DEPLOYMENT_TARGET = 11.0;
				LD_RUNPATH_SEARCH_PATHS = (
					"$(inherited)",
					"@executable_path/Frameworks",
				);
				PRODUCT_BUNDLE_IDENTIFIER = com.rm.FixedIncomeSimulator;
				PRODUCT_NAME = "$(TARGET_NAME)";
				SWIFT_VERSION = 4.2;
				TARGETED_DEVICE_FAMILY = 1;
			};
			name = Release;
		};
		A569AAA22220740100CFF5A7 /* Debug */ = {
			isa = XCBuildConfiguration;
			baseConfigurationReference = B7C8C93E1DDA19133A67CE3D /* Pods-FixedIncomeSimulator-FixedIncomeSimulatorTests.debug.xcconfig */;
			buildSettings = {
				ALWAYS_EMBED_SWIFT_STANDARD_LIBRARIES = YES;
				BUNDLE_LOADER = "$(TEST_HOST)";
				CLANG_ENABLE_MODULES = YES;
				CODE_SIGN_STYLE = Automatic;
				DEVELOPMENT_TEAM = KWEMDK92F4;
				INFOPLIST_FILE = FixedIncomeSimulatorTests/Info.plist;
				LD_RUNPATH_SEARCH_PATHS = (
					"$(inherited)",
					"@executable_path/Frameworks",
					"@loader_path/Frameworks",
				);
				PRODUCT_BUNDLE_IDENTIFIER = com.rm.FixedIncomeSimulatorTests;
				PRODUCT_NAME = "$(TARGET_NAME)";
				SWIFT_OPTIMIZATION_LEVEL = "-Onone";
				SWIFT_VERSION = 4.2;
				TARGETED_DEVICE_FAMILY = "1,2";
				TEST_HOST = "$(BUILT_PRODUCTS_DIR)/FixedIncomeSimulator.app/FixedIncomeSimulator";
			};
			name = Debug;
		};
		A569AAA32220740100CFF5A7 /* Release */ = {
			isa = XCBuildConfiguration;
			baseConfigurationReference = AC74436661C0C368BC1CD322 /* Pods-FixedIncomeSimulator-FixedIncomeSimulatorTests.release.xcconfig */;
			buildSettings = {
				ALWAYS_EMBED_SWIFT_STANDARD_LIBRARIES = YES;
				BUNDLE_LOADER = "$(TEST_HOST)";
				CLANG_ENABLE_MODULES = YES;
				CODE_SIGN_STYLE = Automatic;
				DEVELOPMENT_TEAM = KWEMDK92F4;
				INFOPLIST_FILE = FixedIncomeSimulatorTests/Info.plist;
				LD_RUNPATH_SEARCH_PATHS = (
					"$(inherited)",
					"@executable_path/Frameworks",
					"@loader_path/Frameworks",
				);
				PRODUCT_BUNDLE_IDENTIFIER = com.rm.FixedIncomeSimulatorTests;
				PRODUCT_NAME = "$(TARGET_NAME)";
				SWIFT_VERSION = 4.2;
				TARGETED_DEVICE_FAMILY = "1,2";
				TEST_HOST = "$(BUILT_PRODUCTS_DIR)/FixedIncomeSimulator.app/FixedIncomeSimulator";
			};
			name = Release;
		};
/* End XCBuildConfiguration section */

/* Begin XCConfigurationList section */
		A569AA71222073FF00CFF5A7 /* Build configuration list for PBXProject "FixedIncomeSimulator" */ = {
			isa = XCConfigurationList;
			buildConfigurations = (
				A569AA9C2220740100CFF5A7 /* Debug */,
				A569AA9D2220740100CFF5A7 /* Release */,
			);
			defaultConfigurationIsVisible = 0;
			defaultConfigurationName = Release;
		};
		A569AA9E2220740100CFF5A7 /* Build configuration list for PBXNativeTarget "FixedIncomeSimulator" */ = {
			isa = XCConfigurationList;
			buildConfigurations = (
				A569AA9F2220740100CFF5A7 /* Debug */,
				A569AAA02220740100CFF5A7 /* Release */,
			);
			defaultConfigurationIsVisible = 0;
			defaultConfigurationName = Release;
		};
		A569AAA12220740100CFF5A7 /* Build configuration list for PBXNativeTarget "FixedIncomeSimulatorTests" */ = {
			isa = XCConfigurationList;
			buildConfigurations = (
				A569AAA22220740100CFF5A7 /* Debug */,
				A569AAA32220740100CFF5A7 /* Release */,
			);
			defaultConfigurationIsVisible = 0;
			defaultConfigurationName = Release;
		};
/* End XCConfigurationList section */
	};
	rootObject = A569AA6E222073FF00CFF5A7 /* Project object */;
}
